<?xml version="1.0" encoding="utf-8"?>
<Project ToolsVersion="4.0" xmlns="http://schemas.microsoft.com/developer/msbuild/2003">
  <ItemGroup>
    <Filter Include="Source Files">
      <UniqueIdentifier>{4FC737F1-C7A5-4376-A066-2A32D752A2FF}</UniqueIdentifier>
      <Extensions>cpp;c;cc;cxx;c++;cppm;ixx;def;odl;idl;hpj;bat;asm;asmx</Extensions>
    </Filter>
    <Filter Include="Header Files">
      <UniqueIdentifier>{93995380-89BD-4b04-88EB-625FBE52EBFB}</UniqueIdentifier>
      <Extensions>h;hh;hpp;hxx;h++;hm;inl;inc;ipp;xsd</Extensions>
    </Filter>
    <Filter Include="Resource Files">
      <UniqueIdentifier>{67DA6AB6-F800-4c08-8B7A-83BB121AAD01}</UniqueIdentifier>
      <Extensions>rc;ico;cur;bmp;dlg;rc2;rct;bin;rgs;gif;jpg;jpeg;jpe;resx;tiff;tif;png;wav;mfcribbon-ms</Extensions>
    </Filter>
    <Filter Include="explorer">
      <UniqueIdentifier>{b731d895-1b3a-4cdd-aaaa-186eb3e44410}</UniqueIdentifier>
    </Filter>
    <Filter Include="d3d">
      <UniqueIdentifier>{47c1436b-c4e1-4d78-9b04-c6a7ebf1589b}</UniqueIdentifier>
    </Filter>
    <Filter Include="xaudio2">
      <UniqueIdentifier>{071c02e8-d276-46e1-97ed-4232a5606855}</UniqueIdentifier>
    </Filter>
    <Filter Include="hlsl">
      <UniqueIdentifier>{6f0c05b2-b6f7-4a9a-8bfb-5eda7a1181bb}</UniqueIdentifier>
    </Filter>
    <Filter Include="scene">
      <UniqueIdentifier>{cbce9e49-87e6-4244-b2ba-101a0c73bc6f}</UniqueIdentifier>
    </Filter>
    <Filter Include="astronomical">
      <UniqueIdentifier>{e45540bf-f2cd-4ee1-a13a-bdc8b2ccd907}</UniqueIdentifier>
    </Filter>
    <Filter Include="container">
      <UniqueIdentifier>{057ba543-985b-4a4b-a337-aa6d6664697e}</UniqueIdentifier>
    </Filter>
    <Filter Include="game">
      <UniqueIdentifier>{b16f18f5-8f27-48c7-974e-b5e1ef424ca9}</UniqueIdentifier>
    </Filter>
  </ItemGroup>
  <ItemGroup>
    <ClInclude Include="gpk_engine.h">
      <Filter>Header Files</Filter>
    </ClInclude>
    <ClInclude Include="gpk_engine_entity.h">
      <Filter>Header Files</Filter>
    </ClInclude>
    <ClInclude Include="gpk_engine_file.h">
      <Filter>Header Files</Filter>
    </ClInclude>
    <ClInclude Include="gpk_engine_soundbuffer.h">
      <Filter>Header Files</Filter>
    </ClInclude>
    <ClInclude Include="gpk_engine_gui.h">
      <Filter>Header Files</Filter>
    </ClInclude>
    <ClInclude Include="gpk_engine_explorer.h">
      <Filter>explorer</Filter>
    </ClInclude>
    <ClInclude Include="gpk_engine_explorer_app_menu.h">
      <Filter>explorer</Filter>
    </ClInclude>
    <ClInclude Include="gpk_engine_d3d.h">
      <Filter>d3d</Filter>
    </ClInclude>
    <ClInclude Include="gpk_engine_d3d_app.h">
      <Filter>d3d</Filter>
    </ClInclude>
    <ClInclude Include="SampleFpsTextRenderer.h">
      <Filter>d3d</Filter>
    </ClInclude>
    <ClInclude Include="Sample3DSceneRenderer.h">
      <Filter>d3d</Filter>
    </ClInclude>
    <ClInclude Include="DeviceResources.h">
      <Filter>d3d</Filter>
    </ClInclude>
    <ClInclude Include="XAudio2Versions.h">
      <Filter>xaudio2</Filter>
    </ClInclude>
    <ClInclude Include="WaveBankReader.h">
      <Filter>xaudio2</Filter>
    </ClInclude>
    <ClInclude Include="WAVFileReader.h">
      <Filter>xaudio2</Filter>
    </ClInclude>
    <ClInclude Include="gpk_xaudio2.h">
      <Filter>xaudio2</Filter>
    </ClInclude>
    <ClInclude Include="gpk_engine_renderbuffer.h">
      <Filter>scene</Filter>
    </ClInclude>
    <ClInclude Include="gpk_engine_rendercolor.h">
      <Filter>scene</Filter>
    </ClInclude>
    <ClInclude Include="gpk_engine_rendermesh.h">
      <Filter>scene</Filter>
    </ClInclude>
    <ClInclude Include="gpk_engine_rendernode.h">
      <Filter>scene</Filter>
    </ClInclude>
    <ClInclude Include="gpk_engine_rendersurface.h">
      <Filter>scene</Filter>
    </ClInclude>
    <ClInclude Include="gpk_engine_scene.h">
      <Filter>scene</Filter>
    </ClInclude>
    <ClInclude Include="gpk_engine_shader.h">
      <Filter>scene</Filter>
    </ClInclude>
    <ClInclude Include="gpk_engine_container.h">
      <Filter>container</Filter>
    </ClInclude>
    <ClInclude Include="gpk_linear_map_pod.h">
      <Filter>container</Filter>
    </ClInclude>
    <ClInclude Include="gpk_engine_planetary_system.h">
      <Filter>astronomical</Filter>
    </ClInclude>
    <ClInclude Include="gpk_celestial_body.h">
      <Filter>astronomical</Filter>
    </ClInclude>
    <ClInclude Include="gpk_planetary_system.h">
      <Filter>astronomical</Filter>
    </ClInclude>
    <ClInclude Include="gpk_engine_game.h">
      <Filter>game</Filter>
    </ClInclude>
    <ClInclude Include="gpk_engine_game_stage.h">
      <Filter>game</Filter>
    </ClInclude>
    <ClInclude Include="gpk_engine_celestial_body.h">
      <Filter>astronomical</Filter>
    </ClInclude>
    <ClInclude Include="gpk_orbiter.h">
      <Filter>Header Files</Filter>
    </ClInclude>
  </ItemGroup>
  <ItemGroup>
    <ClCompile Include="gpk_engine.cpp">
      <Filter>Source Files</Filter>
    </ClCompile>
    <ClCompile Include="gpk_engine_collision.cpp">
      <Filter>Source Files</Filter>
    </ClCompile>
    <ClCompile Include="gpk_engine_explorer.cpp">
      <Filter>explorer</Filter>
    </ClCompile>
    <ClCompile Include="gpk_engine_d3d_app.cpp">
      <Filter>d3d</Filter>
    </ClCompile>
    <ClCompile Include="gpk_engine_d3d.cpp">
      <Filter>d3d</Filter>
    </ClCompile>
    <ClCompile Include="gpk_xaudio2.cpp">
      <Filter>xaudio2</Filter>
    </ClCompile>
    <ClCompile Include="WaveBankReader.cpp">
      <Filter>xaudio2</Filter>
    </ClCompile>
    <ClCompile Include="WAVFileReader.cpp">
      <Filter>xaudio2</Filter>
    </ClCompile>
    <ClCompile Include="gpk_engine_scene.cpp">
      <Filter>scene</Filter>
    </ClCompile>
    <ClCompile Include="gpk_engine_shader.cpp">
      <Filter>scene</Filter>
    </ClCompile>
    <ClCompile Include="gpk_celestial_body.cpp">
      <Filter>astronomical</Filter>
    </ClCompile>
    <ClCompile Include="gpk_engine_planetary_system.cpp">
      <Filter>astronomical</Filter>
    </ClCompile>
    <ClCompile Include="gpk_planetary_system.cpp">
      <Filter>astronomical</Filter>
    </ClCompile>
  </ItemGroup>
  <ItemGroup>
    <FxCompile Include="psGUI.hlsl">
      <Filter>hlsl</Filter>
    </FxCompile>
    <FxCompile Include="psHidden.hlsl">
      <Filter>hlsl</Filter>
    </FxCompile>
    <FxCompile Include="psSolid.hlsl">
      <Filter>hlsl</Filter>
    </FxCompile>
    <FxCompile Include="SampleVertexShader.hlsl">
      <Filter>hlsl</Filter>
    </FxCompile>
    <FxCompile Include="vsGUI.hlsl">
      <Filter>hlsl</Filter>
    </FxCompile>
    <FxCompile Include="psCylinder.hlsl">
      <Filter>hlsl</Filter>
    </FxCompile>
    <FxCompile Include="psCylinderIn.hlsl">
      <Filter>hlsl</Filter>
    </FxCompile>
    <FxCompile Include="psGrid.hlsl">
      <Filter>hlsl</Filter>
    </FxCompile>
    <FxCompile Include="psSphereAxis.hlsl">
      <Filter>hlsl</Filter>
    </FxCompile>
    <FxCompile Include="psSphereMeridian.hlsl">
      <Filter>hlsl</Filter>
    </FxCompile>
    <FxCompile Include="psSphereSolid.hlsl">
      <Filter>hlsl</Filter>
    </FxCompile>
    <FxCompile Include="psGridRuler.hlsl">
      <Filter>hlsl</Filter>
    </FxCompile>
    <FxCompile Include="psSun.hlsl">
      <Filter>astronomical</Filter>
    </FxCompile>
    <FxCompile Include="psOrbit.hlsl">
      <Filter>astronomical</Filter>
    </FxCompile>
    <FxCompile Include="psGasGiant.hlsl">
      <Filter>astronomical</Filter>
    </FxCompile>
    <FxCompile Include="psBackgroundMilkyWay.hlsl">
      <Filter>astronomical</Filter>
    </FxCompile>
  </ItemGroup>
  <ItemGroup>
    <None Include="PixelShaderShared.hlsli">
      <Filter>hlsl</Filter>
    </None>
    <None Include="PixelShaderShared2D.hlsli">
      <Filter>hlsl</Filter>
    </None>
    <None Include="ShaderColors.hlsli">
      <Filter>hlsl</Filter>
    </None>
    <None Include="ShaderShared.hlsli">
      <Filter>hlsl</Filter>
    </None>
    <None Include="ShaderShared2D.hlsli">
      <Filter>hlsl</Filter>
    </None>
    <None Include="deploy_data.bat">
      <Filter>Source Files</Filter>
    </None>
    <None Include="gpk_solar_system.json">
      <Filter>astronomical</Filter>
    </None>
  </ItemGroup>
</Project>