
Microsoft Visual Studio Solution File, Format Version 12.00
# Visual Studio Version 16
VisualStudioVersion = 16.0.29009.5
MinimumVisualStudioVersion = 10.0.40219.1
Project("{8BC9CEB8-8B4A-11D0-8D11-00A0C91BC942}") = "gpk", "gpk\gpk.vcxproj", "{39953D8D-A830-46BD-917E-1A96C8BDADC6}"
EndProject
Project("{8BC9CEB8-8B4A-11D0-8D11-00A0C91BC942}") = "llc", "llc\llc.vcxproj", "{830AB681-B788-47D4-9767-BA4E0792F682}"
EndProject
Project("{8BC9CEB8-8B4A-11D0-8D11-00A0C91BC942}") = "grt", "grt\grt.vcxproj", "{080A3A4C-284A-4A84-A71C-D08397D394FD}"
	ProjectSection(ProjectDependencies) = postProject
		{830AB681-B788-47D4-9767-BA4E0792F682} = {830AB681-B788-47D4-9767-BA4E0792F682}
		{39953D8D-A830-46BD-917E-1A96C8BDADC6} = {39953D8D-A830-46BD-917E-1A96C8BDADC6}
		{8FD826F8-3739-44E6-8CC8-997122E53B8D} = {8FD826F8-3739-44E6-8CC8-997122E53B8D}
	EndProjectSection
EndProject
Project("{8BC9CEB8-8B4A-11D0-8D11-00A0C91BC942}") = "gme", "gme\gme.vcxproj", "{473B463D-86BB-44FE-BD30-69F65C3C57DD}"
	ProjectSection(ProjectDependencies) = postProject
		{080A3A4C-284A-4A84-A71C-D08397D394FD} = {080A3A4C-284A-4A84-A71C-D08397D394FD}
		{830AB681-B788-47D4-9767-BA4E0792F682} = {830AB681-B788-47D4-9767-BA4E0792F682}
		{39953D8D-A830-46BD-917E-1A96C8BDADC6} = {39953D8D-A830-46BD-917E-1A96C8BDADC6}
		{8FD826F8-3739-44E6-8CC8-997122E53B8D} = {8FD826F8-3739-44E6-8CC8-997122E53B8D}
	EndProjectSection
EndProject
Project("{8BC9CEB8-8B4A-11D0-8D11-00A0C91BC942}") = "zlibvc", "..\zlib\contrib\vstudio\vc14\zlibvc.vcxproj", "{8FD826F8-3739-44E6-8CC8-997122E53B8D}"
EndProject
Project("{8BC9CEB8-8B4A-11D0-8D11-00A0C91BC942}") = "gpk_cgi_rt", "gpk_cgi_rt\gpk_cgi_rt.vcxproj", "{F211404A-FD89-4403-AB7E-D4CAA4A26605}"
	ProjectSection(ProjectDependencies) = postProject
		{830AB681-B788-47D4-9767-BA4E0792F682} = {830AB681-B788-47D4-9767-BA4E0792F682}
		{39953D8D-A830-46BD-917E-1A96C8BDADC6} = {39953D8D-A830-46BD-917E-1A96C8BDADC6}
		{8FD826F8-3739-44E6-8CC8-997122E53B8D} = {8FD826F8-3739-44E6-8CC8-997122E53B8D}
	EndProjectSection
EndProject
Project("{8BC9CEB8-8B4A-11D0-8D11-00A0C91BC942}") = "gpk_cgi_rest", "gpk_cgi_rest\gpk_cgi_rest.vcxproj", "{200F9CC5-F546-4E94-82AF-072648DBF55A}"
	ProjectSection(ProjectDependencies) = postProject
		{830AB681-B788-47D4-9767-BA4E0792F682} = {830AB681-B788-47D4-9767-BA4E0792F682}
		{39953D8D-A830-46BD-917E-1A96C8BDADC6} = {39953D8D-A830-46BD-917E-1A96C8BDADC6}
		{8FD826F8-3739-44E6-8CC8-997122E53B8D} = {8FD826F8-3739-44E6-8CC8-997122E53B8D}
	EndProjectSection
EndProject
Project("{8BC9CEB8-8B4A-11D0-8D11-00A0C91BC942}") = "brt", "brt\brt.vcxproj", "{C599DF51-2B47-412F-8947-0BE9C48D9B95}"
	ProjectSection(ProjectDependencies) = postProject
		{830AB681-B788-47D4-9767-BA4E0792F682} = {830AB681-B788-47D4-9767-BA4E0792F682}
		{39953D8D-A830-46BD-917E-1A96C8BDADC6} = {39953D8D-A830-46BD-917E-1A96C8BDADC6}
		{8FD826F8-3739-44E6-8CC8-997122E53B8D} = {8FD826F8-3739-44E6-8CC8-997122E53B8D}
	EndProjectSection
EndProject
Project("{2150E333-8FDC-42A3-9474-1A3956D46DE8}") = "Solution Items", "Solution Items", "{BFBAEE40-9B8F-4DFE-B2FE-002CB669ED51}"
	ProjectSection(SolutionItems) = preProject
		copy_gpk_config.bat = copy_gpk_config.bat
		gpk_config.json = gpk_config.json
	EndProjectSection
EndProject
Project("{8BC9CEB8-8B4A-11D0-8D11-00A0C91BC942}") = "android_llc", "android_llc\android_llc.vcxproj", "{3FA64F44-EAC9-4DB5-BD82-62B55DEEE884}"
EndProject
Project("{8BC9CEB8-8B4A-11D0-8D11-00A0C91BC942}") = "gpk_joiner", "gpk_joiner\gpk_joiner.vcxproj", "{33A71630-3237-45D7-87DE-A05A9C0F7148}"
	ProjectSection(ProjectDependencies) = postProject
		{830AB681-B788-47D4-9767-BA4E0792F682} = {830AB681-B788-47D4-9767-BA4E0792F682}
		{39953D8D-A830-46BD-917E-1A96C8BDADC6} = {39953D8D-A830-46BD-917E-1A96C8BDADC6}
	EndProjectSection
EndProject
Project("{8BC9CEB8-8B4A-11D0-8D11-00A0C91BC942}") = "gpk_pak", "gpk_pak\gpk_pak.vcxproj", "{5F4BF808-85F1-4380-BBC8-A11C0334E794}"
	ProjectSection(ProjectDependencies) = postProject
		{830AB681-B788-47D4-9767-BA4E0792F682} = {830AB681-B788-47D4-9767-BA4E0792F682}
		{39953D8D-A830-46BD-917E-1A96C8BDADC6} = {39953D8D-A830-46BD-917E-1A96C8BDADC6}
		{8FD826F8-3739-44E6-8CC8-997122E53B8D} = {8FD826F8-3739-44E6-8CC8-997122E53B8D}
	EndProjectSection
EndProject
Project("{8BC9CEB8-8B4A-11D0-8D11-00A0C91BC942}") = "gpk_splitter", "gpk_splitter\gpk_splitter.vcxproj", "{C986360D-425B-4A11-A28A-3265F553A568}"
	ProjectSection(ProjectDependencies) = postProject
		{830AB681-B788-47D4-9767-BA4E0792F682} = {830AB681-B788-47D4-9767-BA4E0792F682}
		{39953D8D-A830-46BD-917E-1A96C8BDADC6} = {39953D8D-A830-46BD-917E-1A96C8BDADC6}
	EndProjectSection
EndProject
Project("{8BC9CEB8-8B4A-11D0-8D11-00A0C91BC942}") = "gpk_unpak", "gpk_unpak\gpk_unpak.vcxproj", "{63911820-E0D1-4248-A437-FF15EC63AA68}"
	ProjectSection(ProjectDependencies) = postProject
		{830AB681-B788-47D4-9767-BA4E0792F682} = {830AB681-B788-47D4-9767-BA4E0792F682}
		{39953D8D-A830-46BD-917E-1A96C8BDADC6} = {39953D8D-A830-46BD-917E-1A96C8BDADC6}
		{8FD826F8-3739-44E6-8CC8-997122E53B8D} = {8FD826F8-3739-44E6-8CC8-997122E53B8D}
	EndProjectSection
EndProject
Project("{8BC9CEB8-8B4A-11D0-8D11-00A0C91BC942}") = "gpk_cgi_interceptor", "gpk_cgi_interceptor\gpk_cgi_interceptor.vcxproj", "{3B3DD6FF-22DB-4560-A27B-537EA477640F}"
	ProjectSection(ProjectDependencies) = postProject
		{830AB681-B788-47D4-9767-BA4E0792F682} = {830AB681-B788-47D4-9767-BA4E0792F682}
		{39953D8D-A830-46BD-917E-1A96C8BDADC6} = {39953D8D-A830-46BD-917E-1A96C8BDADC6}
	EndProjectSection
EndProject
Project("{8BC9CEB8-8B4A-11D0-8D11-00A0C91BC942}") = "gpk_json_splitter", "gpk_json_splitter\gpk_json_splitter.vcxproj", "{7A6DE552-449A-4B19-8DAA-DFBF7714335D}"
	ProjectSection(ProjectDependencies) = postProject
		{830AB681-B788-47D4-9767-BA4E0792F682} = {830AB681-B788-47D4-9767-BA4E0792F682}
		{8FD826F8-3739-44E6-8CC8-997122E53B8D} = {8FD826F8-3739-44E6-8CC8-997122E53B8D}
	EndProjectSection
EndProject
Project("{8BC9CEB8-8B4A-11D0-8D11-00A0C91BC942}") = "udp_server", "udp_server\udp_server.vcxproj", "{DC79B7FC-DA33-4367-A184-7592627F03FA}"
EndProject
Project("{8BC9CEB8-8B4A-11D0-8D11-00A0C91BC942}") = "udp_client", "udp_client\udp_client.vcxproj", "{1BCFD488-E208-455D-814E-38DAEE247750}"
EndProject
Global
	GlobalSection(SolutionConfigurationPlatforms) = preSolution
		Debug|ARM = Debug|ARM
		Debug|ARM64 = Debug|ARM64
		Debug|x64 = Debug|x64
		Debug|x86 = Debug|x86
		Release|ARM = Release|ARM
		Release|ARM64 = Release|ARM64
		Release|x64 = Release|x64
		Release|x86 = Release|x86
		ReleaseWithoutAsm|ARM = ReleaseWithoutAsm|ARM
		ReleaseWithoutAsm|ARM64 = ReleaseWithoutAsm|ARM64
		ReleaseWithoutAsm|x64 = ReleaseWithoutAsm|x64
		ReleaseWithoutAsm|x86 = ReleaseWithoutAsm|x86
	EndGlobalSection
	GlobalSection(ProjectConfigurationPlatforms) = postSolution
		{39953D8D-A830-46BD-917E-1A96C8BDADC6}.Debug|ARM.ActiveCfg = Debug|Win32
		{39953D8D-A830-46BD-917E-1A96C8BDADC6}.Debug|ARM64.ActiveCfg = Debug|Win32
		{39953D8D-A830-46BD-917E-1A96C8BDADC6}.Debug|x64.ActiveCfg = Debug|x64
		{39953D8D-A830-46BD-917E-1A96C8BDADC6}.Debug|x64.Build.0 = Debug|x64
		{39953D8D-A830-46BD-917E-1A96C8BDADC6}.Debug|x86.ActiveCfg = Debug|Win32
		{39953D8D-A830-46BD-917E-1A96C8BDADC6}.Debug|x86.Build.0 = Debug|Win32
		{39953D8D-A830-46BD-917E-1A96C8BDADC6}.Release|ARM.ActiveCfg = Release|Win32
		{39953D8D-A830-46BD-917E-1A96C8BDADC6}.Release|ARM64.ActiveCfg = Release|Win32
		{39953D8D-A830-46BD-917E-1A96C8BDADC6}.Release|x64.ActiveCfg = Release|x64
		{39953D8D-A830-46BD-917E-1A96C8BDADC6}.Release|x64.Build.0 = Release|x64
		{39953D8D-A830-46BD-917E-1A96C8BDADC6}.Release|x86.ActiveCfg = Release|Win32
		{39953D8D-A830-46BD-917E-1A96C8BDADC6}.Release|x86.Build.0 = Release|Win32
		{39953D8D-A830-46BD-917E-1A96C8BDADC6}.ReleaseWithoutAsm|ARM.ActiveCfg = Release|Win32
		{39953D8D-A830-46BD-917E-1A96C8BDADC6}.ReleaseWithoutAsm|ARM.Build.0 = Release|Win32
		{39953D8D-A830-46BD-917E-1A96C8BDADC6}.ReleaseWithoutAsm|ARM64.ActiveCfg = Release|Win32
		{39953D8D-A830-46BD-917E-1A96C8BDADC6}.ReleaseWithoutAsm|ARM64.Build.0 = Release|Win32
		{39953D8D-A830-46BD-917E-1A96C8BDADC6}.ReleaseWithoutAsm|x64.ActiveCfg = Release|x64
		{39953D8D-A830-46BD-917E-1A96C8BDADC6}.ReleaseWithoutAsm|x64.Build.0 = Release|x64
		{39953D8D-A830-46BD-917E-1A96C8BDADC6}.ReleaseWithoutAsm|x86.ActiveCfg = Release|Win32
		{39953D8D-A830-46BD-917E-1A96C8BDADC6}.ReleaseWithoutAsm|x86.Build.0 = Release|Win32
		{830AB681-B788-47D4-9767-BA4E0792F682}.Debug|ARM.ActiveCfg = Debug|Win32
		{830AB681-B788-47D4-9767-BA4E0792F682}.Debug|ARM64.ActiveCfg = Debug|Win32
		{830AB681-B788-47D4-9767-BA4E0792F682}.Debug|x64.ActiveCfg = Debug|x64
		{830AB681-B788-47D4-9767-BA4E0792F682}.Debug|x64.Build.0 = Debug|x64
		{830AB681-B788-47D4-9767-BA4E0792F682}.Debug|x86.ActiveCfg = Debug|Win32
		{830AB681-B788-47D4-9767-BA4E0792F682}.Debug|x86.Build.0 = Debug|Win32
		{830AB681-B788-47D4-9767-BA4E0792F682}.Release|ARM.ActiveCfg = Release|Win32
		{830AB681-B788-47D4-9767-BA4E0792F682}.Release|ARM64.ActiveCfg = Release|Win32
		{830AB681-B788-47D4-9767-BA4E0792F682}.Release|x64.ActiveCfg = Release|x64
		{830AB681-B788-47D4-9767-BA4E0792F682}.Release|x64.Build.0 = Release|x64
		{830AB681-B788-47D4-9767-BA4E0792F682}.Release|x86.ActiveCfg = Release|Win32
		{830AB681-B788-47D4-9767-BA4E0792F682}.Release|x86.Build.0 = Release|Win32
		{830AB681-B788-47D4-9767-BA4E0792F682}.ReleaseWithoutAsm|ARM.ActiveCfg = Release|Win32
		{830AB681-B788-47D4-9767-BA4E0792F682}.ReleaseWithoutAsm|ARM.Build.0 = Release|Win32
		{830AB681-B788-47D4-9767-BA4E0792F682}.ReleaseWithoutAsm|ARM64.ActiveCfg = Release|Win32
		{830AB681-B788-47D4-9767-BA4E0792F682}.ReleaseWithoutAsm|ARM64.Build.0 = Release|Win32
		{830AB681-B788-47D4-9767-BA4E0792F682}.ReleaseWithoutAsm|x64.ActiveCfg = Release|x64
		{830AB681-B788-47D4-9767-BA4E0792F682}.ReleaseWithoutAsm|x64.Build.0 = Release|x64
		{830AB681-B788-47D4-9767-BA4E0792F682}.ReleaseWithoutAsm|x86.ActiveCfg = Release|Win32
		{830AB681-B788-47D4-9767-BA4E0792F682}.ReleaseWithoutAsm|x86.Build.0 = Release|Win32
		{080A3A4C-284A-4A84-A71C-D08397D394FD}.Debug|ARM.ActiveCfg = Debug|Win32
		{080A3A4C-284A-4A84-A71C-D08397D394FD}.Debug|ARM64.ActiveCfg = Debug|Win32
		{080A3A4C-284A-4A84-A71C-D08397D394FD}.Debug|x64.ActiveCfg = Debug|x64
		{080A3A4C-284A-4A84-A71C-D08397D394FD}.Debug|x64.Build.0 = Debug|x64
		{080A3A4C-284A-4A84-A71C-D08397D394FD}.Debug|x86.ActiveCfg = Debug|Win32
		{080A3A4C-284A-4A84-A71C-D08397D394FD}.Debug|x86.Build.0 = Debug|Win32
		{080A3A4C-284A-4A84-A71C-D08397D394FD}.Release|ARM.ActiveCfg = Release|Win32
		{080A3A4C-284A-4A84-A71C-D08397D394FD}.Release|ARM64.ActiveCfg = Release|Win32
		{080A3A4C-284A-4A84-A71C-D08397D394FD}.Release|x64.ActiveCfg = Release|x64
		{080A3A4C-284A-4A84-A71C-D08397D394FD}.Release|x64.Build.0 = Release|x64
		{080A3A4C-284A-4A84-A71C-D08397D394FD}.Release|x86.ActiveCfg = Release|Win32
		{080A3A4C-284A-4A84-A71C-D08397D394FD}.Release|x86.Build.0 = Release|Win32
		{080A3A4C-284A-4A84-A71C-D08397D394FD}.ReleaseWithoutAsm|ARM.ActiveCfg = Release|Win32
		{080A3A4C-284A-4A84-A71C-D08397D394FD}.ReleaseWithoutAsm|ARM.Build.0 = Release|Win32
		{080A3A4C-284A-4A84-A71C-D08397D394FD}.ReleaseWithoutAsm|ARM64.ActiveCfg = Release|Win32
		{080A3A4C-284A-4A84-A71C-D08397D394FD}.ReleaseWithoutAsm|ARM64.Build.0 = Release|Win32
		{080A3A4C-284A-4A84-A71C-D08397D394FD}.ReleaseWithoutAsm|x64.ActiveCfg = Release|x64
		{080A3A4C-284A-4A84-A71C-D08397D394FD}.ReleaseWithoutAsm|x64.Build.0 = Release|x64
		{080A3A4C-284A-4A84-A71C-D08397D394FD}.ReleaseWithoutAsm|x86.ActiveCfg = Release|Win32
		{080A3A4C-284A-4A84-A71C-D08397D394FD}.ReleaseWithoutAsm|x86.Build.0 = Release|Win32
		{473B463D-86BB-44FE-BD30-69F65C3C57DD}.Debug|ARM.ActiveCfg = Debug|Win32
		{473B463D-86BB-44FE-BD30-69F65C3C57DD}.Debug|ARM64.ActiveCfg = Debug|Win32
		{473B463D-86BB-44FE-BD30-69F65C3C57DD}.Debug|x64.ActiveCfg = Debug|x64
		{473B463D-86BB-44FE-BD30-69F65C3C57DD}.Debug|x64.Build.0 = Debug|x64
		{473B463D-86BB-44FE-BD30-69F65C3C57DD}.Debug|x86.ActiveCfg = Debug|Win32
		{473B463D-86BB-44FE-BD30-69F65C3C57DD}.Debug|x86.Build.0 = Debug|Win32
		{473B463D-86BB-44FE-BD30-69F65C3C57DD}.Release|ARM.ActiveCfg = Release|Win32
		{473B463D-86BB-44FE-BD30-69F65C3C57DD}.Release|ARM64.ActiveCfg = Release|Win32
		{473B463D-86BB-44FE-BD30-69F65C3C57DD}.Release|x64.ActiveCfg = Release|x64
		{473B463D-86BB-44FE-BD30-69F65C3C57DD}.Release|x64.Build.0 = Release|x64
		{473B463D-86BB-44FE-BD30-69F65C3C57DD}.Release|x86.ActiveCfg = Release|Win32
		{473B463D-86BB-44FE-BD30-69F65C3C57DD}.Release|x86.Build.0 = Release|Win32
		{473B463D-86BB-44FE-BD30-69F65C3C57DD}.ReleaseWithoutAsm|ARM.ActiveCfg = Release|Win32
		{473B463D-86BB-44FE-BD30-69F65C3C57DD}.ReleaseWithoutAsm|ARM.Build.0 = Release|Win32
		{473B463D-86BB-44FE-BD30-69F65C3C57DD}.ReleaseWithoutAsm|ARM64.ActiveCfg = Release|Win32
		{473B463D-86BB-44FE-BD30-69F65C3C57DD}.ReleaseWithoutAsm|ARM64.Build.0 = Release|Win32
		{473B463D-86BB-44FE-BD30-69F65C3C57DD}.ReleaseWithoutAsm|x64.ActiveCfg = Release|x64
		{473B463D-86BB-44FE-BD30-69F65C3C57DD}.ReleaseWithoutAsm|x64.Build.0 = Release|x64
		{473B463D-86BB-44FE-BD30-69F65C3C57DD}.ReleaseWithoutAsm|x86.ActiveCfg = Release|Win32
		{473B463D-86BB-44FE-BD30-69F65C3C57DD}.ReleaseWithoutAsm|x86.Build.0 = Release|Win32
		{8FD826F8-3739-44E6-8CC8-997122E53B8D}.Debug|ARM.ActiveCfg = Debug|Win32
		{8FD826F8-3739-44E6-8CC8-997122E53B8D}.Debug|ARM64.ActiveCfg = Debug|Win32
		{8FD826F8-3739-44E6-8CC8-997122E53B8D}.Debug|x64.ActiveCfg = Debug|x64
		{8FD826F8-3739-44E6-8CC8-997122E53B8D}.Debug|x64.Build.0 = Debug|x64
		{8FD826F8-3739-44E6-8CC8-997122E53B8D}.Debug|x86.ActiveCfg = Debug|Win32
		{8FD826F8-3739-44E6-8CC8-997122E53B8D}.Debug|x86.Build.0 = Debug|Win32
		{8FD826F8-3739-44E6-8CC8-997122E53B8D}.Release|ARM.ActiveCfg = Release|Win32
		{8FD826F8-3739-44E6-8CC8-997122E53B8D}.Release|ARM64.ActiveCfg = Release|Win32
		{8FD826F8-3739-44E6-8CC8-997122E53B8D}.Release|x64.ActiveCfg = Release|x64
		{8FD826F8-3739-44E6-8CC8-997122E53B8D}.Release|x64.Build.0 = Release|x64
		{8FD826F8-3739-44E6-8CC8-997122E53B8D}.Release|x86.ActiveCfg = Release|Win32
		{8FD826F8-3739-44E6-8CC8-997122E53B8D}.Release|x86.Build.0 = Release|Win32
		{8FD826F8-3739-44E6-8CC8-997122E53B8D}.ReleaseWithoutAsm|ARM.ActiveCfg = ReleaseWithoutAsm|Win32
		{8FD826F8-3739-44E6-8CC8-997122E53B8D}.ReleaseWithoutAsm|ARM64.ActiveCfg = ReleaseWithoutAsm|Win32
		{8FD826F8-3739-44E6-8CC8-997122E53B8D}.ReleaseWithoutAsm|x64.ActiveCfg = ReleaseWithoutAsm|x64
		{8FD826F8-3739-44E6-8CC8-997122E53B8D}.ReleaseWithoutAsm|x64.Build.0 = ReleaseWithoutAsm|x64
		{8FD826F8-3739-44E6-8CC8-997122E53B8D}.ReleaseWithoutAsm|x86.ActiveCfg = ReleaseWithoutAsm|Win32
		{8FD826F8-3739-44E6-8CC8-997122E53B8D}.ReleaseWithoutAsm|x86.Build.0 = ReleaseWithoutAsm|Win32
		{F211404A-FD89-4403-AB7E-D4CAA4A26605}.Debug|ARM.ActiveCfg = Debug|Win32
		{F211404A-FD89-4403-AB7E-D4CAA4A26605}.Debug|ARM64.ActiveCfg = Debug|Win32
		{F211404A-FD89-4403-AB7E-D4CAA4A26605}.Debug|x64.ActiveCfg = Debug|x64
		{F211404A-FD89-4403-AB7E-D4CAA4A26605}.Debug|x64.Build.0 = Debug|x64
		{F211404A-FD89-4403-AB7E-D4CAA4A26605}.Debug|x86.ActiveCfg = Debug|Win32
		{F211404A-FD89-4403-AB7E-D4CAA4A26605}.Debug|x86.Build.0 = Debug|Win32
		{F211404A-FD89-4403-AB7E-D4CAA4A26605}.Release|ARM.ActiveCfg = Release|Win32
		{F211404A-FD89-4403-AB7E-D4CAA4A26605}.Release|ARM64.ActiveCfg = Release|Win32
		{F211404A-FD89-4403-AB7E-D4CAA4A26605}.Release|x64.ActiveCfg = Release|x64
		{F211404A-FD89-4403-AB7E-D4CAA4A26605}.Release|x64.Build.0 = Release|x64
		{F211404A-FD89-4403-AB7E-D4CAA4A26605}.Release|x86.ActiveCfg = Release|Win32
		{F211404A-FD89-4403-AB7E-D4CAA4A26605}.Release|x86.Build.0 = Release|Win32
		{F211404A-FD89-4403-AB7E-D4CAA4A26605}.ReleaseWithoutAsm|ARM.ActiveCfg = Release|Win32
		{F211404A-FD89-4403-AB7E-D4CAA4A26605}.ReleaseWithoutAsm|ARM.Build.0 = Release|Win32
		{F211404A-FD89-4403-AB7E-D4CAA4A26605}.ReleaseWithoutAsm|ARM64.ActiveCfg = Release|Win32
		{F211404A-FD89-4403-AB7E-D4CAA4A26605}.ReleaseWithoutAsm|ARM64.Build.0 = Release|Win32
		{F211404A-FD89-4403-AB7E-D4CAA4A26605}.ReleaseWithoutAsm|x64.ActiveCfg = Release|x64
		{F211404A-FD89-4403-AB7E-D4CAA4A26605}.ReleaseWithoutAsm|x64.Build.0 = Release|x64
		{F211404A-FD89-4403-AB7E-D4CAA4A26605}.ReleaseWithoutAsm|x86.ActiveCfg = Release|Win32
		{F211404A-FD89-4403-AB7E-D4CAA4A26605}.ReleaseWithoutAsm|x86.Build.0 = Release|Win32
		{200F9CC5-F546-4E94-82AF-072648DBF55A}.Debug|ARM.ActiveCfg = Debug|Win32
		{200F9CC5-F546-4E94-82AF-072648DBF55A}.Debug|ARM64.ActiveCfg = Debug|Win32
		{200F9CC5-F546-4E94-82AF-072648DBF55A}.Debug|x64.ActiveCfg = Debug|x64
		{200F9CC5-F546-4E94-82AF-072648DBF55A}.Debug|x64.Build.0 = Debug|x64
		{200F9CC5-F546-4E94-82AF-072648DBF55A}.Debug|x86.ActiveCfg = Debug|Win32
		{200F9CC5-F546-4E94-82AF-072648DBF55A}.Debug|x86.Build.0 = Debug|Win32
		{200F9CC5-F546-4E94-82AF-072648DBF55A}.Release|ARM.ActiveCfg = Release|Win32
		{200F9CC5-F546-4E94-82AF-072648DBF55A}.Release|ARM64.ActiveCfg = Release|Win32
		{200F9CC5-F546-4E94-82AF-072648DBF55A}.Release|x64.ActiveCfg = Release|x64
		{200F9CC5-F546-4E94-82AF-072648DBF55A}.Release|x64.Build.0 = Release|x64
		{200F9CC5-F546-4E94-82AF-072648DBF55A}.Release|x86.ActiveCfg = Release|Win32
		{200F9CC5-F546-4E94-82AF-072648DBF55A}.Release|x86.Build.0 = Release|Win32
		{200F9CC5-F546-4E94-82AF-072648DBF55A}.ReleaseWithoutAsm|ARM.ActiveCfg = Release|Win32
		{200F9CC5-F546-4E94-82AF-072648DBF55A}.ReleaseWithoutAsm|ARM.Build.0 = Release|Win32
		{200F9CC5-F546-4E94-82AF-072648DBF55A}.ReleaseWithoutAsm|ARM64.ActiveCfg = Release|Win32
		{200F9CC5-F546-4E94-82AF-072648DBF55A}.ReleaseWithoutAsm|ARM64.Build.0 = Release|Win32
		{200F9CC5-F546-4E94-82AF-072648DBF55A}.ReleaseWithoutAsm|x64.ActiveCfg = Release|x64
		{200F9CC5-F546-4E94-82AF-072648DBF55A}.ReleaseWithoutAsm|x64.Build.0 = Release|x64
		{200F9CC5-F546-4E94-82AF-072648DBF55A}.ReleaseWithoutAsm|x86.ActiveCfg = Release|Win32
		{200F9CC5-F546-4E94-82AF-072648DBF55A}.ReleaseWithoutAsm|x86.Build.0 = Release|Win32
		{C599DF51-2B47-412F-8947-0BE9C48D9B95}.Debug|ARM.ActiveCfg = Debug|Win32
		{C599DF51-2B47-412F-8947-0BE9C48D9B95}.Debug|ARM64.ActiveCfg = Debug|Win32
		{C599DF51-2B47-412F-8947-0BE9C48D9B95}.Debug|x64.ActiveCfg = Debug|x64
		{C599DF51-2B47-412F-8947-0BE9C48D9B95}.Debug|x64.Build.0 = Debug|x64
		{C599DF51-2B47-412F-8947-0BE9C48D9B95}.Debug|x86.ActiveCfg = Debug|Win32
		{C599DF51-2B47-412F-8947-0BE9C48D9B95}.Debug|x86.Build.0 = Debug|Win32
		{C599DF51-2B47-412F-8947-0BE9C48D9B95}.Release|ARM.ActiveCfg = Release|Win32
		{C599DF51-2B47-412F-8947-0BE9C48D9B95}.Release|ARM64.ActiveCfg = Release|Win32
		{C599DF51-2B47-412F-8947-0BE9C48D9B95}.Release|x64.ActiveCfg = Release|x64
		{C599DF51-2B47-412F-8947-0BE9C48D9B95}.Release|x64.Build.0 = Release|x64
		{C599DF51-2B47-412F-8947-0BE9C48D9B95}.Release|x86.ActiveCfg = Release|Win32
		{C599DF51-2B47-412F-8947-0BE9C48D9B95}.Release|x86.Build.0 = Release|Win32
		{C599DF51-2B47-412F-8947-0BE9C48D9B95}.ReleaseWithoutAsm|ARM.ActiveCfg = Release|Win32
		{C599DF51-2B47-412F-8947-0BE9C48D9B95}.ReleaseWithoutAsm|ARM.Build.0 = Release|Win32
		{C599DF51-2B47-412F-8947-0BE9C48D9B95}.ReleaseWithoutAsm|ARM64.ActiveCfg = Release|Win32
		{C599DF51-2B47-412F-8947-0BE9C48D9B95}.ReleaseWithoutAsm|ARM64.Build.0 = Release|Win32
		{C599DF51-2B47-412F-8947-0BE9C48D9B95}.ReleaseWithoutAsm|x64.ActiveCfg = Release|x64
		{C599DF51-2B47-412F-8947-0BE9C48D9B95}.ReleaseWithoutAsm|x64.Build.0 = Release|x64
		{C599DF51-2B47-412F-8947-0BE9C48D9B95}.ReleaseWithoutAsm|x86.ActiveCfg = Release|Win32
		{C599DF51-2B47-412F-8947-0BE9C48D9B95}.ReleaseWithoutAsm|x86.Build.0 = Release|Win32
		{3FA64F44-EAC9-4DB5-BD82-62B55DEEE884}.Debug|ARM.ActiveCfg = Debug|ARM
		{3FA64F44-EAC9-4DB5-BD82-62B55DEEE884}.Debug|ARM.Build.0 = Debug|ARM
		{3FA64F44-EAC9-4DB5-BD82-62B55DEEE884}.Debug|ARM64.ActiveCfg = Debug|ARM64
		{3FA64F44-EAC9-4DB5-BD82-62B55DEEE884}.Debug|ARM64.Build.0 = Debug|ARM64
		{3FA64F44-EAC9-4DB5-BD82-62B55DEEE884}.Debug|x64.ActiveCfg = Debug|x64
		{3FA64F44-EAC9-4DB5-BD82-62B55DEEE884}.Debug|x64.Build.0 = Debug|x64
		{3FA64F44-EAC9-4DB5-BD82-62B55DEEE884}.Debug|x86.ActiveCfg = Debug|x86
		{3FA64F44-EAC9-4DB5-BD82-62B55DEEE884}.Debug|x86.Build.0 = Debug|x86
		{3FA64F44-EAC9-4DB5-BD82-62B55DEEE884}.Release|ARM.ActiveCfg = Release|ARM
		{3FA64F44-EAC9-4DB5-BD82-62B55DEEE884}.Release|ARM.Build.0 = Release|ARM
		{3FA64F44-EAC9-4DB5-BD82-62B55DEEE884}.Release|ARM64.ActiveCfg = Release|ARM64
		{3FA64F44-EAC9-4DB5-BD82-62B55DEEE884}.Release|ARM64.Build.0 = Release|ARM64
		{3FA64F44-EAC9-4DB5-BD82-62B55DEEE884}.Release|x64.ActiveCfg = Release|x64
		{3FA64F44-EAC9-4DB5-BD82-62B55DEEE884}.Release|x64.Build.0 = Release|x64
		{3FA64F44-EAC9-4DB5-BD82-62B55DEEE884}.Release|x86.ActiveCfg = Release|x86
		{3FA64F44-EAC9-4DB5-BD82-62B55DEEE884}.Release|x86.Build.0 = Release|x86
		{3FA64F44-EAC9-4DB5-BD82-62B55DEEE884}.ReleaseWithoutAsm|ARM.ActiveCfg = Release|ARM
		{3FA64F44-EAC9-4DB5-BD82-62B55DEEE884}.ReleaseWithoutAsm|ARM.Build.0 = Release|ARM
		{3FA64F44-EAC9-4DB5-BD82-62B55DEEE884}.ReleaseWithoutAsm|ARM64.ActiveCfg = Release|ARM64
		{3FA64F44-EAC9-4DB5-BD82-62B55DEEE884}.ReleaseWithoutAsm|ARM64.Build.0 = Release|ARM64
		{3FA64F44-EAC9-4DB5-BD82-62B55DEEE884}.ReleaseWithoutAsm|x64.ActiveCfg = Release|x64
		{3FA64F44-EAC9-4DB5-BD82-62B55DEEE884}.ReleaseWithoutAsm|x64.Build.0 = Release|x64
		{3FA64F44-EAC9-4DB5-BD82-62B55DEEE884}.ReleaseWithoutAsm|x86.ActiveCfg = Release|x86
		{3FA64F44-EAC9-4DB5-BD82-62B55DEEE884}.ReleaseWithoutAsm|x86.Build.0 = Release|x86
		{33A71630-3237-45D7-87DE-A05A9C0F7148}.Debug|ARM.ActiveCfg = Debug|Win32
		{33A71630-3237-45D7-87DE-A05A9C0F7148}.Debug|ARM64.ActiveCfg = Debug|Win32
		{33A71630-3237-45D7-87DE-A05A9C0F7148}.Debug|x64.ActiveCfg = Debug|x64
		{33A71630-3237-45D7-87DE-A05A9C0F7148}.Debug|x64.Build.0 = Debug|x64
		{33A71630-3237-45D7-87DE-A05A9C0F7148}.Debug|x86.ActiveCfg = Debug|Win32
		{33A71630-3237-45D7-87DE-A05A9C0F7148}.Debug|x86.Build.0 = Debug|Win32
		{33A71630-3237-45D7-87DE-A05A9C0F7148}.Release|ARM.ActiveCfg = Release|Win32
		{33A71630-3237-45D7-87DE-A05A9C0F7148}.Release|ARM64.ActiveCfg = Release|Win32
		{33A71630-3237-45D7-87DE-A05A9C0F7148}.Release|x64.ActiveCfg = Release|x64
		{33A71630-3237-45D7-87DE-A05A9C0F7148}.Release|x64.Build.0 = Release|x64
		{33A71630-3237-45D7-87DE-A05A9C0F7148}.Release|x86.ActiveCfg = Release|Win32
		{33A71630-3237-45D7-87DE-A05A9C0F7148}.Release|x86.Build.0 = Release|Win32
		{33A71630-3237-45D7-87DE-A05A9C0F7148}.ReleaseWithoutAsm|ARM.ActiveCfg = Release|x64
		{33A71630-3237-45D7-87DE-A05A9C0F7148}.ReleaseWithoutAsm|ARM.Build.0 = Release|x64
		{33A71630-3237-45D7-87DE-A05A9C0F7148}.ReleaseWithoutAsm|ARM64.ActiveCfg = Release|x64
		{33A71630-3237-45D7-87DE-A05A9C0F7148}.ReleaseWithoutAsm|ARM64.Build.0 = Release|x64
		{33A71630-3237-45D7-87DE-A05A9C0F7148}.ReleaseWithoutAsm|x64.ActiveCfg = Release|x64
		{33A71630-3237-45D7-87DE-A05A9C0F7148}.ReleaseWithoutAsm|x64.Build.0 = Release|x64
		{33A71630-3237-45D7-87DE-A05A9C0F7148}.ReleaseWithoutAsm|x86.ActiveCfg = Release|Win32
		{33A71630-3237-45D7-87DE-A05A9C0F7148}.ReleaseWithoutAsm|x86.Build.0 = Release|Win32
		{5F4BF808-85F1-4380-BBC8-A11C0334E794}.Debug|ARM.ActiveCfg = Debug|Win32
		{5F4BF808-85F1-4380-BBC8-A11C0334E794}.Debug|ARM64.ActiveCfg = Debug|Win32
		{5F4BF808-85F1-4380-BBC8-A11C0334E794}.Debug|x64.ActiveCfg = Debug|x64
		{5F4BF808-85F1-4380-BBC8-A11C0334E794}.Debug|x64.Build.0 = Debug|x64
		{5F4BF808-85F1-4380-BBC8-A11C0334E794}.Debug|x86.ActiveCfg = Debug|Win32
		{5F4BF808-85F1-4380-BBC8-A11C0334E794}.Debug|x86.Build.0 = Debug|Win32
		{5F4BF808-85F1-4380-BBC8-A11C0334E794}.Release|ARM.ActiveCfg = Release|Win32
		{5F4BF808-85F1-4380-BBC8-A11C0334E794}.Release|ARM64.ActiveCfg = Release|Win32
		{5F4BF808-85F1-4380-BBC8-A11C0334E794}.Release|x64.ActiveCfg = Release|x64
		{5F4BF808-85F1-4380-BBC8-A11C0334E794}.Release|x64.Build.0 = Release|x64
		{5F4BF808-85F1-4380-BBC8-A11C0334E794}.Release|x86.ActiveCfg = Release|Win32
		{5F4BF808-85F1-4380-BBC8-A11C0334E794}.Release|x86.Build.0 = Release|Win32
		{5F4BF808-85F1-4380-BBC8-A11C0334E794}.ReleaseWithoutAsm|ARM.ActiveCfg = Release|x64
		{5F4BF808-85F1-4380-BBC8-A11C0334E794}.ReleaseWithoutAsm|ARM.Build.0 = Release|x64
		{5F4BF808-85F1-4380-BBC8-A11C0334E794}.ReleaseWithoutAsm|ARM64.ActiveCfg = Release|x64
		{5F4BF808-85F1-4380-BBC8-A11C0334E794}.ReleaseWithoutAsm|ARM64.Build.0 = Release|x64
		{5F4BF808-85F1-4380-BBC8-A11C0334E794}.ReleaseWithoutAsm|x64.ActiveCfg = Release|x64
		{5F4BF808-85F1-4380-BBC8-A11C0334E794}.ReleaseWithoutAsm|x64.Build.0 = Release|x64
		{5F4BF808-85F1-4380-BBC8-A11C0334E794}.ReleaseWithoutAsm|x86.ActiveCfg = Release|Win32
		{5F4BF808-85F1-4380-BBC8-A11C0334E794}.ReleaseWithoutAsm|x86.Build.0 = Release|Win32
		{C986360D-425B-4A11-A28A-3265F553A568}.Debug|ARM.ActiveCfg = Debug|Win32
		{C986360D-425B-4A11-A28A-3265F553A568}.Debug|ARM64.ActiveCfg = Debug|Win32
		{C986360D-425B-4A11-A28A-3265F553A568}.Debug|x64.ActiveCfg = Debug|x64
		{C986360D-425B-4A11-A28A-3265F553A568}.Debug|x64.Build.0 = Debug|x64
		{C986360D-425B-4A11-A28A-3265F553A568}.Debug|x86.ActiveCfg = Debug|Win32
		{C986360D-425B-4A11-A28A-3265F553A568}.Debug|x86.Build.0 = Debug|Win32
		{C986360D-425B-4A11-A28A-3265F553A568}.Release|ARM.ActiveCfg = Release|Win32
		{C986360D-425B-4A11-A28A-3265F553A568}.Release|ARM64.ActiveCfg = Release|Win32
		{C986360D-425B-4A11-A28A-3265F553A568}.Release|x64.ActiveCfg = Release|x64
		{C986360D-425B-4A11-A28A-3265F553A568}.Release|x64.Build.0 = Release|x64
		{C986360D-425B-4A11-A28A-3265F553A568}.Release|x86.ActiveCfg = Release|Win32
		{C986360D-425B-4A11-A28A-3265F553A568}.Release|x86.Build.0 = Release|Win32
		{C986360D-425B-4A11-A28A-3265F553A568}.ReleaseWithoutAsm|ARM.ActiveCfg = Release|x64
		{C986360D-425B-4A11-A28A-3265F553A568}.ReleaseWithoutAsm|ARM.Build.0 = Release|x64
		{C986360D-425B-4A11-A28A-3265F553A568}.ReleaseWithoutAsm|ARM64.ActiveCfg = Release|x64
		{C986360D-425B-4A11-A28A-3265F553A568}.ReleaseWithoutAsm|ARM64.Build.0 = Release|x64
		{C986360D-425B-4A11-A28A-3265F553A568}.ReleaseWithoutAsm|x64.ActiveCfg = Release|x64
		{C986360D-425B-4A11-A28A-3265F553A568}.ReleaseWithoutAsm|x64.Build.0 = Release|x64
		{C986360D-425B-4A11-A28A-3265F553A568}.ReleaseWithoutAsm|x86.ActiveCfg = Release|Win32
		{C986360D-425B-4A11-A28A-3265F553A568}.ReleaseWithoutAsm|x86.Build.0 = Release|Win32
		{63911820-E0D1-4248-A437-FF15EC63AA68}.Debug|ARM.ActiveCfg = Debug|Win32
		{63911820-E0D1-4248-A437-FF15EC63AA68}.Debug|ARM64.ActiveCfg = Debug|Win32
		{63911820-E0D1-4248-A437-FF15EC63AA68}.Debug|x64.ActiveCfg = Debug|x64
		{63911820-E0D1-4248-A437-FF15EC63AA68}.Debug|x64.Build.0 = Debug|x64
		{63911820-E0D1-4248-A437-FF15EC63AA68}.Debug|x86.ActiveCfg = Debug|Win32
		{63911820-E0D1-4248-A437-FF15EC63AA68}.Debug|x86.Build.0 = Debug|Win32
		{63911820-E0D1-4248-A437-FF15EC63AA68}.Release|ARM.ActiveCfg = Release|Win32
		{63911820-E0D1-4248-A437-FF15EC63AA68}.Release|ARM64.ActiveCfg = Release|Win32
		{63911820-E0D1-4248-A437-FF15EC63AA68}.Release|x64.ActiveCfg = Release|x64
		{63911820-E0D1-4248-A437-FF15EC63AA68}.Release|x64.Build.0 = Release|x64
		{63911820-E0D1-4248-A437-FF15EC63AA68}.Release|x86.ActiveCfg = Release|Win32
		{63911820-E0D1-4248-A437-FF15EC63AA68}.Release|x86.Build.0 = Release|Win32
		{63911820-E0D1-4248-A437-FF15EC63AA68}.ReleaseWithoutAsm|ARM.ActiveCfg = Release|x64
		{63911820-E0D1-4248-A437-FF15EC63AA68}.ReleaseWithoutAsm|ARM.Build.0 = Release|x64
		{63911820-E0D1-4248-A437-FF15EC63AA68}.ReleaseWithoutAsm|ARM64.ActiveCfg = Release|x64
		{63911820-E0D1-4248-A437-FF15EC63AA68}.ReleaseWithoutAsm|ARM64.Build.0 = Release|x64
		{63911820-E0D1-4248-A437-FF15EC63AA68}.ReleaseWithoutAsm|x64.ActiveCfg = Release|x64
		{63911820-E0D1-4248-A437-FF15EC63AA68}.ReleaseWithoutAsm|x64.Build.0 = Release|x64
		{63911820-E0D1-4248-A437-FF15EC63AA68}.ReleaseWithoutAsm|x86.ActiveCfg = Release|Win32
		{63911820-E0D1-4248-A437-FF15EC63AA68}.ReleaseWithoutAsm|x86.Build.0 = Release|Win32
		{3B3DD6FF-22DB-4560-A27B-537EA477640F}.Debug|ARM.ActiveCfg = Debug|Win32
		{3B3DD6FF-22DB-4560-A27B-537EA477640F}.Debug|ARM64.ActiveCfg = Debug|Win32
		{3B3DD6FF-22DB-4560-A27B-537EA477640F}.Debug|x64.ActiveCfg = Debug|x64
		{3B3DD6FF-22DB-4560-A27B-537EA477640F}.Debug|x64.Build.0 = Debug|x64
		{3B3DD6FF-22DB-4560-A27B-537EA477640F}.Debug|x86.ActiveCfg = Debug|Win32
		{3B3DD6FF-22DB-4560-A27B-537EA477640F}.Debug|x86.Build.0 = Debug|Win32
		{3B3DD6FF-22DB-4560-A27B-537EA477640F}.Release|ARM.ActiveCfg = Release|Win32
		{3B3DD6FF-22DB-4560-A27B-537EA477640F}.Release|ARM64.ActiveCfg = Release|Win32
		{3B3DD6FF-22DB-4560-A27B-537EA477640F}.Release|x64.ActiveCfg = Release|x64
		{3B3DD6FF-22DB-4560-A27B-537EA477640F}.Release|x64.Build.0 = Release|x64
		{3B3DD6FF-22DB-4560-A27B-537EA477640F}.Release|x86.ActiveCfg = Release|Win32
		{3B3DD6FF-22DB-4560-A27B-537EA477640F}.Release|x86.Build.0 = Release|Win32
		{3B3DD6FF-22DB-4560-A27B-537EA477640F}.ReleaseWithoutAsm|ARM.ActiveCfg = Release|x64
		{3B3DD6FF-22DB-4560-A27B-537EA477640F}.ReleaseWithoutAsm|ARM.Build.0 = Release|x64
		{3B3DD6FF-22DB-4560-A27B-537EA477640F}.ReleaseWithoutAsm|ARM64.ActiveCfg = Release|x64
		{3B3DD6FF-22DB-4560-A27B-537EA477640F}.ReleaseWithoutAsm|ARM64.Build.0 = Release|x64
		{3B3DD6FF-22DB-4560-A27B-537EA477640F}.ReleaseWithoutAsm|x64.ActiveCfg = Release|x64
		{3B3DD6FF-22DB-4560-A27B-537EA477640F}.ReleaseWithoutAsm|x64.Build.0 = Release|x64
		{3B3DD6FF-22DB-4560-A27B-537EA477640F}.ReleaseWithoutAsm|x86.ActiveCfg = Release|Win32
		{3B3DD6FF-22DB-4560-A27B-537EA477640F}.ReleaseWithoutAsm|x86.Build.0 = Release|Win32
		{7A6DE552-449A-4B19-8DAA-DFBF7714335D}.Debug|ARM.ActiveCfg = Debug|Win32
		{7A6DE552-449A-4B19-8DAA-DFBF7714335D}.Debug|ARM64.ActiveCfg = Debug|Win32
		{7A6DE552-449A-4B19-8DAA-DFBF7714335D}.Debug|x64.ActiveCfg = Debug|x64
		{7A6DE552-449A-4B19-8DAA-DFBF7714335D}.Debug|x64.Build.0 = Debug|x64
		{7A6DE552-449A-4B19-8DAA-DFBF7714335D}.Debug|x86.ActiveCfg = Debug|Win32
		{7A6DE552-449A-4B19-8DAA-DFBF7714335D}.Debug|x86.Build.0 = Debug|Win32
		{7A6DE552-449A-4B19-8DAA-DFBF7714335D}.Release|ARM.ActiveCfg = Release|Win32
		{7A6DE552-449A-4B19-8DAA-DFBF7714335D}.Release|ARM64.ActiveCfg = Release|Win32
		{7A6DE552-449A-4B19-8DAA-DFBF7714335D}.Release|x64.ActiveCfg = Release|x64
		{7A6DE552-449A-4B19-8DAA-DFBF7714335D}.Release|x64.Build.0 = Release|x64
		{7A6DE552-449A-4B19-8DAA-DFBF7714335D}.Release|x86.ActiveCfg = Release|Win32
		{7A6DE552-449A-4B19-8DAA-DFBF7714335D}.Release|x86.Build.0 = Release|Win32
		{7A6DE552-449A-4B19-8DAA-DFBF7714335D}.ReleaseWithoutAsm|ARM.ActiveCfg = Release|x64
		{7A6DE552-449A-4B19-8DAA-DFBF7714335D}.ReleaseWithoutAsm|ARM.Build.0 = Release|x64
		{7A6DE552-449A-4B19-8DAA-DFBF7714335D}.ReleaseWithoutAsm|ARM64.ActiveCfg = Release|x64
		{7A6DE552-449A-4B19-8DAA-DFBF7714335D}.ReleaseWithoutAsm|ARM64.Build.0 = Release|x64
		{7A6DE552-449A-4B19-8DAA-DFBF7714335D}.ReleaseWithoutAsm|x64.ActiveCfg = Release|x64
		{7A6DE552-449A-4B19-8DAA-DFBF7714335D}.ReleaseWithoutAsm|x64.Build.0 = Release|x64
		{7A6DE552-449A-4B19-8DAA-DFBF7714335D}.ReleaseWithoutAsm|x86.ActiveCfg = Release|Win32
		{7A6DE552-449A-4B19-8DAA-DFBF7714335D}.ReleaseWithoutAsm|x86.Build.0 = Release|Win32
		{DC79B7FC-DA33-4367-A184-7592627F03FA}.Debug|ARM.ActiveCfg = Debug|Win32
		{DC79B7FC-DA33-4367-A184-7592627F03FA}.Debug|ARM64.ActiveCfg = Debug|Win32
		{DC79B7FC-DA33-4367-A184-7592627F03FA}.Debug|x64.ActiveCfg = Debug|x64
		{DC79B7FC-DA33-4367-A184-7592627F03FA}.Debug|x64.Build.0 = Debug|x64
		{DC79B7FC-DA33-4367-A184-7592627F03FA}.Debug|x86.ActiveCfg = Debug|Win32
		{DC79B7FC-DA33-4367-A184-7592627F03FA}.Debug|x86.Build.0 = Debug|Win32
		{DC79B7FC-DA33-4367-A184-7592627F03FA}.Release|ARM.ActiveCfg = Release|Win32
		{DC79B7FC-DA33-4367-A184-7592627F03FA}.Release|ARM64.ActiveCfg = Release|Win32
		{DC79B7FC-DA33-4367-A184-7592627F03FA}.Release|x64.ActiveCfg = Release|x64
		{DC79B7FC-DA33-4367-A184-7592627F03FA}.Release|x64.Build.0 = Release|x64
		{DC79B7FC-DA33-4367-A184-7592627F03FA}.Release|x86.ActiveCfg = Release|Win32
		{DC79B7FC-DA33-4367-A184-7592627F03FA}.Release|x86.Build.0 = Release|Win32
		{DC79B7FC-DA33-4367-A184-7592627F03FA}.ReleaseWithoutAsm|ARM.ActiveCfg = Release|x64
		{DC79B7FC-DA33-4367-A184-7592627F03FA}.ReleaseWithoutAsm|ARM.Build.0 = Release|x64
		{DC79B7FC-DA33-4367-A184-7592627F03FA}.ReleaseWithoutAsm|ARM64.ActiveCfg = Release|x64
		{DC79B7FC-DA33-4367-A184-7592627F03FA}.ReleaseWithoutAsm|ARM64.Build.0 = Release|x64
		{DC79B7FC-DA33-4367-A184-7592627F03FA}.ReleaseWithoutAsm|x64.ActiveCfg = Release|x64
		{DC79B7FC-DA33-4367-A184-7592627F03FA}.ReleaseWithoutAsm|x64.Build.0 = Release|x64
		{DC79B7FC-DA33-4367-A184-7592627F03FA}.ReleaseWithoutAsm|x86.ActiveCfg = Release|Win32
		{DC79B7FC-DA33-4367-A184-7592627F03FA}.ReleaseWithoutAsm|x86.Build.0 = Release|Win32
		{1BCFD488-E208-455D-814E-38DAEE247750}.Debug|ARM.ActiveCfg = Debug|Win32
		{1BCFD488-E208-455D-814E-38DAEE247750}.Debug|ARM64.ActiveCfg = Debug|Win32
		{1BCFD488-E208-455D-814E-38DAEE247750}.Debug|x64.ActiveCfg = Debug|x64
		{1BCFD488-E208-455D-814E-38DAEE247750}.Debug|x64.Build.0 = Debug|x64
		{1BCFD488-E208-455D-814E-38DAEE247750}.Debug|x86.ActiveCfg = Debug|Win32
		{1BCFD488-E208-455D-814E-38DAEE247750}.Debug|x86.Build.0 = Debug|Win32
		{1BCFD488-E208-455D-814E-38DAEE247750}.Release|ARM.ActiveCfg = Release|Win32
		{1BCFD488-E208-455D-814E-38DAEE247750}.Release|ARM64.ActiveCfg = Release|Win32
		{1BCFD488-E208-455D-814E-38DAEE247750}.Release|x64.ActiveCfg = Release|x64
		{1BCFD488-E208-455D-814E-38DAEE247750}.Release|x64.Build.0 = Release|x64
		{1BCFD488-E208-455D-814E-38DAEE247750}.Release|x86.ActiveCfg = Release|Win32
		{1BCFD488-E208-455D-814E-38DAEE247750}.Release|x86.Build.0 = Release|Win32
		{1BCFD488-E208-455D-814E-38DAEE247750}.ReleaseWithoutAsm|ARM.ActiveCfg = Release|x64
		{1BCFD488-E208-455D-814E-38DAEE247750}.ReleaseWithoutAsm|ARM.Build.0 = Release|x64
		{1BCFD488-E208-455D-814E-38DAEE247750}.ReleaseWithoutAsm|ARM64.ActiveCfg = Release|x64
		{1BCFD488-E208-455D-814E-38DAEE247750}.ReleaseWithoutAsm|ARM64.Build.0 = Release|x64
		{1BCFD488-E208-455D-814E-38DAEE247750}.ReleaseWithoutAsm|x64.ActiveCfg = Release|x64
		{1BCFD488-E208-455D-814E-38DAEE247750}.ReleaseWithoutAsm|x64.Build.0 = Release|x64
		{1BCFD488-E208-455D-814E-38DAEE247750}.ReleaseWithoutAsm|x86.ActiveCfg = Release|Win32
		{1BCFD488-E208-455D-814E-38DAEE247750}.ReleaseWithoutAsm|x86.Build.0 = Release|Win32
	EndGlobalSection
	GlobalSection(SolutionProperties) = preSolution
		HideSolutionNode = FALSE
	EndGlobalSection
	GlobalSection(ExtensibilityGlobals) = postSolution
		SolutionGuid = {4B2A23E9-41B7-4324-980C-6A41148CFC03}
	EndGlobalSection
EndGlobal
