
Microsoft Visual Studio Solution File, Format Version 12.00
# Visual Studio 15
VisualStudioVersion = 15.0.27428.2043
MinimumVisualStudioVersion = 10.0.40219.1
Project("{8BC9CEB8-8B4A-11D0-8D11-00A0C91BC942}") = "gpk", "gpk\gpk.vcxproj", "{39953D8D-A830-46BD-917E-1A96C8BDADC6}"
EndProject
Project("{8BC9CEB8-8B4A-11D0-8D11-00A0C91BC942}") = "llc", "llc\llc.vcxproj", "{830AB681-B788-47D4-9767-BA4E0792F682}"
EndProject
Project("{8BC9CEB8-8B4A-11D0-8D11-00A0C91BC942}") = "grt", "grt\grt.vcxproj", "{080A3A4C-284A-4A84-A71C-D08397D394FD}"
	ProjectSection(ProjectDependencies) = postProject
		{830AB681-B788-47D4-9767-BA4E0792F682} = {830AB681-B788-47D4-9767-BA4E0792F682}
		{39953D8D-A830-46BD-917E-1A96C8BDADC6} = {39953D8D-A830-46BD-917E-1A96C8BDADC6}
		{8FD826F8-3739-44E6-8CC8-997122E53B8D} = {8FD826F8-3739-44E6-8CC8-997122E53B8D}
	EndProjectSection
EndProject
Project("{8BC9CEB8-8B4A-11D0-8D11-00A0C91BC942}") = "gme", "gme\gme.vcxproj", "{473B463D-86BB-44FE-BD30-69F65C3C57DD}"
	ProjectSection(ProjectDependencies) = postProject
		{080A3A4C-284A-4A84-A71C-D08397D394FD} = {080A3A4C-284A-4A84-A71C-D08397D394FD}
		{830AB681-B788-47D4-9767-BA4E0792F682} = {830AB681-B788-47D4-9767-BA4E0792F682}
		{39953D8D-A830-46BD-917E-1A96C8BDADC6} = {39953D8D-A830-46BD-917E-1A96C8BDADC6}
		{8FD826F8-3739-44E6-8CC8-997122E53B8D} = {8FD826F8-3739-44E6-8CC8-997122E53B8D}
	EndProjectSection
EndProject
Project("{8BC9CEB8-8B4A-11D0-8D11-00A0C91BC942}") = "test_gpk_gui", "test_gpk_gui\test_gpk_gui.vcxproj", "{93CB8DE0-556D-4953-846B-28928F02376C}"
	ProjectSection(ProjectDependencies) = postProject
		{080A3A4C-284A-4A84-A71C-D08397D394FD} = {080A3A4C-284A-4A84-A71C-D08397D394FD}
		{830AB681-B788-47D4-9767-BA4E0792F682} = {830AB681-B788-47D4-9767-BA4E0792F682}
		{39953D8D-A830-46BD-917E-1A96C8BDADC6} = {39953D8D-A830-46BD-917E-1A96C8BDADC6}
		{8FD826F8-3739-44E6-8CC8-997122E53B8D} = {8FD826F8-3739-44E6-8CC8-997122E53B8D}
	EndProjectSection
EndProject
Project("{8BC9CEB8-8B4A-11D0-8D11-00A0C91BC942}") = "zlibvc", "..\zlib\contrib\vstudio\vc14\zlibvc.vcxproj", "{8FD826F8-3739-44E6-8CC8-997122E53B8D}"
EndProject
Project("{8BC9CEB8-8B4A-11D0-8D11-00A0C91BC942}") = "test_gpk_png", "test_gpk_png\test_gpk_png.vcxproj", "{B9842730-D253-4D70-860F-2685BC40C84E}"
	ProjectSection(ProjectDependencies) = postProject
		{080A3A4C-284A-4A84-A71C-D08397D394FD} = {080A3A4C-284A-4A84-A71C-D08397D394FD}
		{830AB681-B788-47D4-9767-BA4E0792F682} = {830AB681-B788-47D4-9767-BA4E0792F682}
		{39953D8D-A830-46BD-917E-1A96C8BDADC6} = {39953D8D-A830-46BD-917E-1A96C8BDADC6}
		{8FD826F8-3739-44E6-8CC8-997122E53B8D} = {8FD826F8-3739-44E6-8CC8-997122E53B8D}
	EndProjectSection
EndProject
Project("{8BC9CEB8-8B4A-11D0-8D11-00A0C91BC942}") = "test_tictactoe", "test_tictactoe\test_tictactoe.vcxproj", "{7A38F58A-3A85-47F2-92B4-FB2DC8A54900}"
	ProjectSection(ProjectDependencies) = postProject
		{080A3A4C-284A-4A84-A71C-D08397D394FD} = {080A3A4C-284A-4A84-A71C-D08397D394FD}
		{830AB681-B788-47D4-9767-BA4E0792F682} = {830AB681-B788-47D4-9767-BA4E0792F682}
		{39953D8D-A830-46BD-917E-1A96C8BDADC6} = {39953D8D-A830-46BD-917E-1A96C8BDADC6}
		{8FD826F8-3739-44E6-8CC8-997122E53B8D} = {8FD826F8-3739-44E6-8CC8-997122E53B8D}
	EndProjectSection
EndProject
Project("{8BC9CEB8-8B4A-11D0-8D11-00A0C91BC942}") = "test_gpk_encoding", "test_gpk_encoding\test_gpk_encoding.vcxproj", "{B1821EF9-9723-4760-9105-60B7C11BB017}"
	ProjectSection(ProjectDependencies) = postProject
		{830AB681-B788-47D4-9767-BA4E0792F682} = {830AB681-B788-47D4-9767-BA4E0792F682}
		{39953D8D-A830-46BD-917E-1A96C8BDADC6} = {39953D8D-A830-46BD-917E-1A96C8BDADC6}
		{8FD826F8-3739-44E6-8CC8-997122E53B8D} = {8FD826F8-3739-44E6-8CC8-997122E53B8D}
	EndProjectSection
EndProject
Project("{8BC9CEB8-8B4A-11D0-8D11-00A0C91BC942}") = "test_wakawaka", "test_wakawaka\test_wakawaka.vcxproj", "{F4959D31-862B-472D-B92E-B395ACAB2150}"
	ProjectSection(ProjectDependencies) = postProject
		{080A3A4C-284A-4A84-A71C-D08397D394FD} = {080A3A4C-284A-4A84-A71C-D08397D394FD}
		{830AB681-B788-47D4-9767-BA4E0792F682} = {830AB681-B788-47D4-9767-BA4E0792F682}
		{39953D8D-A830-46BD-917E-1A96C8BDADC6} = {39953D8D-A830-46BD-917E-1A96C8BDADC6}
		{8FD826F8-3739-44E6-8CC8-997122E53B8D} = {8FD826F8-3739-44E6-8CC8-997122E53B8D}
	EndProjectSection
EndProject
Project("{8BC9CEB8-8B4A-11D0-8D11-00A0C91BC942}") = "test_udp_client", "test_udp_client\test_udp_client.vcxproj", "{D114BDE8-813B-405A-9CB0-E0573B2F1FB2}"
	ProjectSection(ProjectDependencies) = postProject
		{830AB681-B788-47D4-9767-BA4E0792F682} = {830AB681-B788-47D4-9767-BA4E0792F682}
		{39953D8D-A830-46BD-917E-1A96C8BDADC6} = {39953D8D-A830-46BD-917E-1A96C8BDADC6}
		{8FD826F8-3739-44E6-8CC8-997122E53B8D} = {8FD826F8-3739-44E6-8CC8-997122E53B8D}
	EndProjectSection
EndProject
Project("{8BC9CEB8-8B4A-11D0-8D11-00A0C91BC942}") = "test_udp_server", "test_udp_server\test_udp_server.vcxproj", "{96EF0104-3A1A-4748-B3BD-BF77DE6A54EE}"
	ProjectSection(ProjectDependencies) = postProject
		{830AB681-B788-47D4-9767-BA4E0792F682} = {830AB681-B788-47D4-9767-BA4E0792F682}
		{39953D8D-A830-46BD-917E-1A96C8BDADC6} = {39953D8D-A830-46BD-917E-1A96C8BDADC6}
		{8FD826F8-3739-44E6-8CC8-997122E53B8D} = {8FD826F8-3739-44E6-8CC8-997122E53B8D}
	EndProjectSection
EndProject
Project("{8BC9CEB8-8B4A-11D0-8D11-00A0C91BC942}") = "chat_server", "chat_server\chat_server.vcxproj", "{4F824B2C-BE82-47B8-980A-CA3C99C8960C}"
	ProjectSection(ProjectDependencies) = postProject
		{830AB681-B788-47D4-9767-BA4E0792F682} = {830AB681-B788-47D4-9767-BA4E0792F682}
		{39953D8D-A830-46BD-917E-1A96C8BDADC6} = {39953D8D-A830-46BD-917E-1A96C8BDADC6}
		{8FD826F8-3739-44E6-8CC8-997122E53B8D} = {8FD826F8-3739-44E6-8CC8-997122E53B8D}
	EndProjectSection
EndProject
Project("{8BC9CEB8-8B4A-11D0-8D11-00A0C91BC942}") = "chat_client", "chat_client\chat_client.vcxproj", "{DB268E93-53E2-4799-9528-5B93E3AEA989}"
	ProjectSection(ProjectDependencies) = postProject
		{4F824B2C-BE82-47B8-980A-CA3C99C8960C} = {4F824B2C-BE82-47B8-980A-CA3C99C8960C}
		{830AB681-B788-47D4-9767-BA4E0792F682} = {830AB681-B788-47D4-9767-BA4E0792F682}
		{39953D8D-A830-46BD-917E-1A96C8BDADC6} = {39953D8D-A830-46BD-917E-1A96C8BDADC6}
		{8FD826F8-3739-44E6-8CC8-997122E53B8D} = {8FD826F8-3739-44E6-8CC8-997122E53B8D}
	EndProjectSection
EndProject
Project("{8BC9CEB8-8B4A-11D0-8D11-00A0C91BC942}") = "primegen", "primegen\primegen.vcxproj", "{33E3D781-387C-490E-B65D-A5F0923022AE}"
	ProjectSection(ProjectDependencies) = postProject
		{830AB681-B788-47D4-9767-BA4E0792F682} = {830AB681-B788-47D4-9767-BA4E0792F682}
		{39953D8D-A830-46BD-917E-1A96C8BDADC6} = {39953D8D-A830-46BD-917E-1A96C8BDADC6}
	EndProjectSection
EndProject
Project("{8BC9CEB8-8B4A-11D0-8D11-00A0C91BC942}") = "test_gpk_cube", "test_gpk_cube\test_gpk_cube.vcxproj", "{389664AC-A4E7-4137-9FF3-B9080E0DC0E6}"
	ProjectSection(ProjectDependencies) = postProject
		{830AB681-B788-47D4-9767-BA4E0792F682} = {830AB681-B788-47D4-9767-BA4E0792F682}
		{39953D8D-A830-46BD-917E-1A96C8BDADC6} = {39953D8D-A830-46BD-917E-1A96C8BDADC6}
		{8FD826F8-3739-44E6-8CC8-997122E53B8D} = {8FD826F8-3739-44E6-8CC8-997122E53B8D}
	EndProjectSection
EndProject
Project("{8BC9CEB8-8B4A-11D0-8D11-00A0C91BC942}") = "test_gpk_dialog", "test_gpk_dialog\test_gpk_dialog.vcxproj", "{9081B005-48A9-476A-83DA-3D76618715BF}"
	ProjectSection(ProjectDependencies) = postProject
		{830AB681-B788-47D4-9767-BA4E0792F682} = {830AB681-B788-47D4-9767-BA4E0792F682}
		{39953D8D-A830-46BD-917E-1A96C8BDADC6} = {39953D8D-A830-46BD-917E-1A96C8BDADC6}
		{8FD826F8-3739-44E6-8CC8-997122E53B8D} = {8FD826F8-3739-44E6-8CC8-997122E53B8D}
	EndProjectSection
EndProject
Project("{8BC9CEB8-8B4A-11D0-8D11-00A0C91BC942}") = "test_gpk_viewport", "test_gpk_viewport\test_gpk_viewport.vcxproj", "{BF115707-2B3F-4F71-B586-08386B28F377}"
	ProjectSection(ProjectDependencies) = postProject
		{830AB681-B788-47D4-9767-BA4E0792F682} = {830AB681-B788-47D4-9767-BA4E0792F682}
		{39953D8D-A830-46BD-917E-1A96C8BDADC6} = {39953D8D-A830-46BD-917E-1A96C8BDADC6}
		{8FD826F8-3739-44E6-8CC8-997122E53B8D} = {8FD826F8-3739-44E6-8CC8-997122E53B8D}
	EndProjectSection
EndProject
Project("{8BC9CEB8-8B4A-11D0-8D11-00A0C91BC942}") = "editor_model", "editor_model\editor_model.vcxproj", "{7B8300D4-9499-41B9-B2B6-808FDD154BD6}"
EndProject
Global
	GlobalSection(SolutionConfigurationPlatforms) = preSolution
		Debug|x64 = Debug|x64
		Debug|x86 = Debug|x86
		Release|x64 = Release|x64
		Release|x86 = Release|x86
	EndGlobalSection
	GlobalSection(ProjectConfigurationPlatforms) = postSolution
		{39953D8D-A830-46BD-917E-1A96C8BDADC6}.Debug|x64.ActiveCfg = Debug|x64
		{39953D8D-A830-46BD-917E-1A96C8BDADC6}.Debug|x64.Build.0 = Debug|x64
		{39953D8D-A830-46BD-917E-1A96C8BDADC6}.Debug|x86.ActiveCfg = Debug|Win32
		{39953D8D-A830-46BD-917E-1A96C8BDADC6}.Debug|x86.Build.0 = Debug|Win32
		{39953D8D-A830-46BD-917E-1A96C8BDADC6}.Release|x64.ActiveCfg = Release|x64
		{39953D8D-A830-46BD-917E-1A96C8BDADC6}.Release|x64.Build.0 = Release|x64
		{39953D8D-A830-46BD-917E-1A96C8BDADC6}.Release|x86.ActiveCfg = Release|Win32
		{39953D8D-A830-46BD-917E-1A96C8BDADC6}.Release|x86.Build.0 = Release|Win32
		{830AB681-B788-47D4-9767-BA4E0792F682}.Debug|x64.ActiveCfg = Debug|x64
		{830AB681-B788-47D4-9767-BA4E0792F682}.Debug|x64.Build.0 = Debug|x64
		{830AB681-B788-47D4-9767-BA4E0792F682}.Debug|x86.ActiveCfg = Debug|Win32
		{830AB681-B788-47D4-9767-BA4E0792F682}.Debug|x86.Build.0 = Debug|Win32
		{830AB681-B788-47D4-9767-BA4E0792F682}.Release|x64.ActiveCfg = Release|x64
		{830AB681-B788-47D4-9767-BA4E0792F682}.Release|x64.Build.0 = Release|x64
		{830AB681-B788-47D4-9767-BA4E0792F682}.Release|x86.ActiveCfg = Release|Win32
		{830AB681-B788-47D4-9767-BA4E0792F682}.Release|x86.Build.0 = Release|Win32
		{080A3A4C-284A-4A84-A71C-D08397D394FD}.Debug|x64.ActiveCfg = Debug|x64
		{080A3A4C-284A-4A84-A71C-D08397D394FD}.Debug|x64.Build.0 = Debug|x64
		{080A3A4C-284A-4A84-A71C-D08397D394FD}.Debug|x86.ActiveCfg = Debug|Win32
		{080A3A4C-284A-4A84-A71C-D08397D394FD}.Debug|x86.Build.0 = Debug|Win32
		{080A3A4C-284A-4A84-A71C-D08397D394FD}.Release|x64.ActiveCfg = Release|x64
		{080A3A4C-284A-4A84-A71C-D08397D394FD}.Release|x64.Build.0 = Release|x64
		{080A3A4C-284A-4A84-A71C-D08397D394FD}.Release|x86.ActiveCfg = Release|Win32
		{080A3A4C-284A-4A84-A71C-D08397D394FD}.Release|x86.Build.0 = Release|Win32
		{473B463D-86BB-44FE-BD30-69F65C3C57DD}.Debug|x64.ActiveCfg = Debug|x64
		{473B463D-86BB-44FE-BD30-69F65C3C57DD}.Debug|x64.Build.0 = Debug|x64
		{473B463D-86BB-44FE-BD30-69F65C3C57DD}.Debug|x86.ActiveCfg = Debug|Win32
		{473B463D-86BB-44FE-BD30-69F65C3C57DD}.Debug|x86.Build.0 = Debug|Win32
		{473B463D-86BB-44FE-BD30-69F65C3C57DD}.Release|x64.ActiveCfg = Release|x64
		{473B463D-86BB-44FE-BD30-69F65C3C57DD}.Release|x64.Build.0 = Release|x64
		{473B463D-86BB-44FE-BD30-69F65C3C57DD}.Release|x86.ActiveCfg = Release|Win32
		{473B463D-86BB-44FE-BD30-69F65C3C57DD}.Release|x86.Build.0 = Release|Win32
		{93CB8DE0-556D-4953-846B-28928F02376C}.Debug|x64.ActiveCfg = Debug|x64
		{93CB8DE0-556D-4953-846B-28928F02376C}.Debug|x64.Build.0 = Debug|x64
		{93CB8DE0-556D-4953-846B-28928F02376C}.Debug|x86.ActiveCfg = Debug|Win32
		{93CB8DE0-556D-4953-846B-28928F02376C}.Debug|x86.Build.0 = Debug|Win32
		{93CB8DE0-556D-4953-846B-28928F02376C}.Release|x64.ActiveCfg = Release|x64
		{93CB8DE0-556D-4953-846B-28928F02376C}.Release|x64.Build.0 = Release|x64
		{93CB8DE0-556D-4953-846B-28928F02376C}.Release|x86.ActiveCfg = Release|Win32
		{93CB8DE0-556D-4953-846B-28928F02376C}.Release|x86.Build.0 = Release|Win32
		{8FD826F8-3739-44E6-8CC8-997122E53B8D}.Debug|x64.ActiveCfg = Debug|x64
		{8FD826F8-3739-44E6-8CC8-997122E53B8D}.Debug|x64.Build.0 = Debug|x64
		{8FD826F8-3739-44E6-8CC8-997122E53B8D}.Debug|x86.ActiveCfg = Debug|Win32
		{8FD826F8-3739-44E6-8CC8-997122E53B8D}.Debug|x86.Build.0 = Debug|Win32
		{8FD826F8-3739-44E6-8CC8-997122E53B8D}.Release|x64.ActiveCfg = Release|x64
		{8FD826F8-3739-44E6-8CC8-997122E53B8D}.Release|x64.Build.0 = Release|x64
		{8FD826F8-3739-44E6-8CC8-997122E53B8D}.Release|x86.ActiveCfg = Release|Win32
		{8FD826F8-3739-44E6-8CC8-997122E53B8D}.Release|x86.Build.0 = Release|Win32
		{B9842730-D253-4D70-860F-2685BC40C84E}.Debug|x64.ActiveCfg = Debug|x64
		{B9842730-D253-4D70-860F-2685BC40C84E}.Debug|x64.Build.0 = Debug|x64
		{B9842730-D253-4D70-860F-2685BC40C84E}.Debug|x86.ActiveCfg = Debug|Win32
		{B9842730-D253-4D70-860F-2685BC40C84E}.Debug|x86.Build.0 = Debug|Win32
		{B9842730-D253-4D70-860F-2685BC40C84E}.Release|x64.ActiveCfg = Release|x64
		{B9842730-D253-4D70-860F-2685BC40C84E}.Release|x64.Build.0 = Release|x64
		{B9842730-D253-4D70-860F-2685BC40C84E}.Release|x86.ActiveCfg = Release|Win32
		{B9842730-D253-4D70-860F-2685BC40C84E}.Release|x86.Build.0 = Release|Win32
		{7A38F58A-3A85-47F2-92B4-FB2DC8A54900}.Debug|x64.ActiveCfg = Debug|x64
		{7A38F58A-3A85-47F2-92B4-FB2DC8A54900}.Debug|x64.Build.0 = Debug|x64
		{7A38F58A-3A85-47F2-92B4-FB2DC8A54900}.Debug|x86.ActiveCfg = Debug|Win32
		{7A38F58A-3A85-47F2-92B4-FB2DC8A54900}.Debug|x86.Build.0 = Debug|Win32
		{7A38F58A-3A85-47F2-92B4-FB2DC8A54900}.Release|x64.ActiveCfg = Release|x64
		{7A38F58A-3A85-47F2-92B4-FB2DC8A54900}.Release|x64.Build.0 = Release|x64
		{7A38F58A-3A85-47F2-92B4-FB2DC8A54900}.Release|x86.ActiveCfg = Release|Win32
		{7A38F58A-3A85-47F2-92B4-FB2DC8A54900}.Release|x86.Build.0 = Release|Win32
		{B1821EF9-9723-4760-9105-60B7C11BB017}.Debug|x64.ActiveCfg = Debug|x64
		{B1821EF9-9723-4760-9105-60B7C11BB017}.Debug|x64.Build.0 = Debug|x64
		{B1821EF9-9723-4760-9105-60B7C11BB017}.Debug|x86.ActiveCfg = Debug|Win32
		{B1821EF9-9723-4760-9105-60B7C11BB017}.Debug|x86.Build.0 = Debug|Win32
		{B1821EF9-9723-4760-9105-60B7C11BB017}.Release|x64.ActiveCfg = Release|x64
		{B1821EF9-9723-4760-9105-60B7C11BB017}.Release|x64.Build.0 = Release|x64
		{B1821EF9-9723-4760-9105-60B7C11BB017}.Release|x86.ActiveCfg = Release|Win32
		{B1821EF9-9723-4760-9105-60B7C11BB017}.Release|x86.Build.0 = Release|Win32
		{F4959D31-862B-472D-B92E-B395ACAB2150}.Debug|x64.ActiveCfg = Debug|x64
		{F4959D31-862B-472D-B92E-B395ACAB2150}.Debug|x64.Build.0 = Debug|x64
		{F4959D31-862B-472D-B92E-B395ACAB2150}.Debug|x86.ActiveCfg = Debug|Win32
		{F4959D31-862B-472D-B92E-B395ACAB2150}.Debug|x86.Build.0 = Debug|Win32
		{F4959D31-862B-472D-B92E-B395ACAB2150}.Release|x64.ActiveCfg = Release|x64
		{F4959D31-862B-472D-B92E-B395ACAB2150}.Release|x64.Build.0 = Release|x64
		{F4959D31-862B-472D-B92E-B395ACAB2150}.Release|x86.ActiveCfg = Release|Win32
		{F4959D31-862B-472D-B92E-B395ACAB2150}.Release|x86.Build.0 = Release|Win32
		{D114BDE8-813B-405A-9CB0-E0573B2F1FB2}.Debug|x64.ActiveCfg = Debug|x64
		{D114BDE8-813B-405A-9CB0-E0573B2F1FB2}.Debug|x64.Build.0 = Debug|x64
		{D114BDE8-813B-405A-9CB0-E0573B2F1FB2}.Debug|x86.ActiveCfg = Debug|Win32
		{D114BDE8-813B-405A-9CB0-E0573B2F1FB2}.Debug|x86.Build.0 = Debug|Win32
		{D114BDE8-813B-405A-9CB0-E0573B2F1FB2}.Release|x64.ActiveCfg = Release|x64
		{D114BDE8-813B-405A-9CB0-E0573B2F1FB2}.Release|x64.Build.0 = Release|x64
		{D114BDE8-813B-405A-9CB0-E0573B2F1FB2}.Release|x86.ActiveCfg = Release|Win32
		{D114BDE8-813B-405A-9CB0-E0573B2F1FB2}.Release|x86.Build.0 = Release|Win32
		{96EF0104-3A1A-4748-B3BD-BF77DE6A54EE}.Debug|x64.ActiveCfg = Debug|x64
		{96EF0104-3A1A-4748-B3BD-BF77DE6A54EE}.Debug|x64.Build.0 = Debug|x64
		{96EF0104-3A1A-4748-B3BD-BF77DE6A54EE}.Debug|x86.ActiveCfg = Debug|Win32
		{96EF0104-3A1A-4748-B3BD-BF77DE6A54EE}.Debug|x86.Build.0 = Debug|Win32
		{96EF0104-3A1A-4748-B3BD-BF77DE6A54EE}.Release|x64.ActiveCfg = Release|x64
		{96EF0104-3A1A-4748-B3BD-BF77DE6A54EE}.Release|x64.Build.0 = Release|x64
		{96EF0104-3A1A-4748-B3BD-BF77DE6A54EE}.Release|x86.ActiveCfg = Release|Win32
		{96EF0104-3A1A-4748-B3BD-BF77DE6A54EE}.Release|x86.Build.0 = Release|Win32
		{4F824B2C-BE82-47B8-980A-CA3C99C8960C}.Debug|x64.ActiveCfg = Debug|x64
		{4F824B2C-BE82-47B8-980A-CA3C99C8960C}.Debug|x64.Build.0 = Debug|x64
		{4F824B2C-BE82-47B8-980A-CA3C99C8960C}.Debug|x86.ActiveCfg = Debug|Win32
		{4F824B2C-BE82-47B8-980A-CA3C99C8960C}.Debug|x86.Build.0 = Debug|Win32
		{4F824B2C-BE82-47B8-980A-CA3C99C8960C}.Release|x64.ActiveCfg = Release|x64
		{4F824B2C-BE82-47B8-980A-CA3C99C8960C}.Release|x64.Build.0 = Release|x64
		{4F824B2C-BE82-47B8-980A-CA3C99C8960C}.Release|x86.ActiveCfg = Release|Win32
		{4F824B2C-BE82-47B8-980A-CA3C99C8960C}.Release|x86.Build.0 = Release|Win32
		{DB268E93-53E2-4799-9528-5B93E3AEA989}.Debug|x64.ActiveCfg = Debug|x64
		{DB268E93-53E2-4799-9528-5B93E3AEA989}.Debug|x64.Build.0 = Debug|x64
		{DB268E93-53E2-4799-9528-5B93E3AEA989}.Debug|x86.ActiveCfg = Debug|Win32
		{DB268E93-53E2-4799-9528-5B93E3AEA989}.Debug|x86.Build.0 = Debug|Win32
		{DB268E93-53E2-4799-9528-5B93E3AEA989}.Release|x64.ActiveCfg = Release|x64
		{DB268E93-53E2-4799-9528-5B93E3AEA989}.Release|x64.Build.0 = Release|x64
		{DB268E93-53E2-4799-9528-5B93E3AEA989}.Release|x86.ActiveCfg = Release|Win32
		{DB268E93-53E2-4799-9528-5B93E3AEA989}.Release|x86.Build.0 = Release|Win32
		{33E3D781-387C-490E-B65D-A5F0923022AE}.Debug|x64.ActiveCfg = Debug|x64
		{33E3D781-387C-490E-B65D-A5F0923022AE}.Debug|x64.Build.0 = Debug|x64
		{33E3D781-387C-490E-B65D-A5F0923022AE}.Debug|x86.ActiveCfg = Debug|Win32
		{33E3D781-387C-490E-B65D-A5F0923022AE}.Debug|x86.Build.0 = Debug|Win32
		{33E3D781-387C-490E-B65D-A5F0923022AE}.Release|x64.ActiveCfg = Release|x64
		{33E3D781-387C-490E-B65D-A5F0923022AE}.Release|x64.Build.0 = Release|x64
		{33E3D781-387C-490E-B65D-A5F0923022AE}.Release|x86.ActiveCfg = Release|Win32
		{33E3D781-387C-490E-B65D-A5F0923022AE}.Release|x86.Build.0 = Release|Win32
		{389664AC-A4E7-4137-9FF3-B9080E0DC0E6}.Debug|x64.ActiveCfg = Debug|x64
		{389664AC-A4E7-4137-9FF3-B9080E0DC0E6}.Debug|x64.Build.0 = Debug|x64
		{389664AC-A4E7-4137-9FF3-B9080E0DC0E6}.Debug|x86.ActiveCfg = Debug|Win32
		{389664AC-A4E7-4137-9FF3-B9080E0DC0E6}.Debug|x86.Build.0 = Debug|Win32
		{389664AC-A4E7-4137-9FF3-B9080E0DC0E6}.Release|x64.ActiveCfg = Release|x64
		{389664AC-A4E7-4137-9FF3-B9080E0DC0E6}.Release|x64.Build.0 = Release|x64
		{389664AC-A4E7-4137-9FF3-B9080E0DC0E6}.Release|x86.ActiveCfg = Release|Win32
		{389664AC-A4E7-4137-9FF3-B9080E0DC0E6}.Release|x86.Build.0 = Release|Win32
		{9081B005-48A9-476A-83DA-3D76618715BF}.Debug|x64.ActiveCfg = Debug|x64
		{9081B005-48A9-476A-83DA-3D76618715BF}.Debug|x64.Build.0 = Debug|x64
		{9081B005-48A9-476A-83DA-3D76618715BF}.Debug|x86.ActiveCfg = Debug|Win32
		{9081B005-48A9-476A-83DA-3D76618715BF}.Debug|x86.Build.0 = Debug|Win32
		{9081B005-48A9-476A-83DA-3D76618715BF}.Release|x64.ActiveCfg = Release|x64
		{9081B005-48A9-476A-83DA-3D76618715BF}.Release|x64.Build.0 = Release|x64
		{9081B005-48A9-476A-83DA-3D76618715BF}.Release|x86.ActiveCfg = Release|Win32
		{9081B005-48A9-476A-83DA-3D76618715BF}.Release|x86.Build.0 = Release|Win32
		{BF115707-2B3F-4F71-B586-08386B28F377}.Debug|x64.ActiveCfg = Debug|x64
		{BF115707-2B3F-4F71-B586-08386B28F377}.Debug|x64.Build.0 = Debug|x64
		{BF115707-2B3F-4F71-B586-08386B28F377}.Debug|x86.ActiveCfg = Debug|Win32
		{BF115707-2B3F-4F71-B586-08386B28F377}.Debug|x86.Build.0 = Debug|Win32
		{BF115707-2B3F-4F71-B586-08386B28F377}.Release|x64.ActiveCfg = Release|x64
		{BF115707-2B3F-4F71-B586-08386B28F377}.Release|x64.Build.0 = Release|x64
		{BF115707-2B3F-4F71-B586-08386B28F377}.Release|x86.ActiveCfg = Release|Win32
		{BF115707-2B3F-4F71-B586-08386B28F377}.Release|x86.Build.0 = Release|Win32
		{7B8300D4-9499-41B9-B2B6-808FDD154BD6}.Debug|x64.ActiveCfg = Debug|x64
		{7B8300D4-9499-41B9-B2B6-808FDD154BD6}.Debug|x64.Build.0 = Debug|x64
		{7B8300D4-9499-41B9-B2B6-808FDD154BD6}.Debug|x86.ActiveCfg = Debug|Win32
		{7B8300D4-9499-41B9-B2B6-808FDD154BD6}.Debug|x86.Build.0 = Debug|Win32
		{7B8300D4-9499-41B9-B2B6-808FDD154BD6}.Release|x64.ActiveCfg = Release|x64
		{7B8300D4-9499-41B9-B2B6-808FDD154BD6}.Release|x64.Build.0 = Release|x64
		{7B8300D4-9499-41B9-B2B6-808FDD154BD6}.Release|x86.ActiveCfg = Release|Win32
		{7B8300D4-9499-41B9-B2B6-808FDD154BD6}.Release|x86.Build.0 = Release|Win32
	EndGlobalSection
	GlobalSection(SolutionProperties) = preSolution
		HideSolutionNode = FALSE
	EndGlobalSection
	GlobalSection(ExtensibilityGlobals) = postSolution
		SolutionGuid = {4B2A23E9-41B7-4324-980C-6A41148CFC03}
	EndGlobalSection
EndGlobal
