<?xml version="1.0" encoding="utf-8"?>
<Project ToolsVersion="4.0" xmlns="http://schemas.microsoft.com/developer/msbuild/2003">
  <ItemGroup>
    <ClInclude Include="..\gpk\gpk_gui_control.h" />
    <ClInclude Include="..\gpk\gpk_gui_desktop.h" />
    <ClInclude Include="..\gpk\gpk_http_server.h" />
    <ClInclude Include="..\gpk\gpk_particle.h" />
    <ClInclude Include="..\gpk\gpk_ro_gnd.h" />
    <ClInclude Include="..\gpk\gpk_ro_rsm.h" />
    <ClInclude Include="..\gpk\gpk_ro_rsw.h" />
    <ClInclude Include="..\gpk\gpk_scene.h" />
    <ClInclude Include="..\gpk\gpk_type_registry.h" />
    <ClInclude Include="..\gpk\gpk_udp_client.h" />
    <ClInclude Include="..\gpk\gpk_udp_server.h" />
    <ClInclude Include="..\gpk\gpk_app_impl.h" />
    <ClInclude Include="..\gpk\gpk_bitmap_file.h" />
    <ClInclude Include="..\gpk\gpk_bmg.h" />
    <ClInclude Include="..\gpk\gpk_connection.h" />
    <ClInclude Include="..\gpk\gpk_deque.h" />
    <ClInclude Include="..\gpk\gpk_dialog.h" />
    <ClInclude Include="..\gpk\gpk_dialog_controls.h" />
    <ClInclude Include="..\gpk\gpk_display.h" />
    <ClInclude Include="..\gpk\gpk_framework.h" />
    <ClInclude Include="..\gpk\gpk_geometry.h" />
    <ClInclude Include="..\gpk\gpk_grid_static.h" />
    <ClInclude Include="..\llc\gpk_windows.h" />
  </ItemGroup>
  <ItemGroup>
    <ClCompile Include="..\gpk\gpk_ascii_target.cpp" />
    <ClCompile Include="..\gpk\gpk_bitmap_file.cpp" />
    <ClCompile Include="..\gpk\gpk_bmg.cpp" />
    <ClCompile Include="..\gpk\gpk_connection.cpp" />
    <ClCompile Include="..\gpk\gpk_dialog.cpp" />
    <ClCompile Include="..\gpk\gpk_display.cpp" />
    <ClCompile Include="..\gpk\gpk_framework.cpp" />
    <ClCompile Include="..\gpk\gpk_geometry.cpp" />
    <ClCompile Include="..\gpk\gpk_gui_control.cpp" />
    <ClCompile Include="..\gpk\gpk_gui_desktop.cpp" />
    <ClCompile Include="..\gpk\gpk_gui_draw.cpp" />
    <ClCompile Include="..\gpk\gpk_ro_gnd.cpp" />
    <ClCompile Include="..\gpk\gpk_ro_rsm.cpp" />
    <ClCompile Include="..\gpk\gpk_ro_rsw.cpp" />
    <ClCompile Include="..\gpk\gpk_type_registry.cpp" />
    <ClCompile Include="..\gpk\gpk_udp_client.cpp" />
    <ClCompile Include="..\gpk\gpk_udp_server.cpp" />
    <ClCompile Include="..\llc\gpk_windows.cpp" />
  </ItemGroup>
</Project>