<?xml version="1.0" encoding="utf-8"?>
<Project ToolsVersion="4.0" xmlns="http://schemas.microsoft.com/developer/msbuild/2003">
  <ItemGroup>
    <Filter Include="Source Files">
      <UniqueIdentifier>{4FC737F1-C7A5-4376-A066-2A32D752A2FF}</UniqueIdentifier>
      <Extensions>cpp;c;cc;cxx;def;odl;idl;hpj;bat;asm;asmx</Extensions>
    </Filter>
    <Filter Include="Header Files">
      <UniqueIdentifier>{93995380-89BD-4b04-88EB-625FBE52EBFB}</UniqueIdentifier>
      <Extensions>h;hh;hpp;hxx;hm;inl;inc;ipp;xsd</Extensions>
    </Filter>
    <Filter Include="Resource Files">
      <UniqueIdentifier>{67DA6AB6-F800-4c08-8B7A-83BB121AAD01}</UniqueIdentifier>
      <Extensions>rc;ico;cur;bmp;dlg;rc2;rct;bin;rgs;gif;jpg;jpeg;jpe;resx;tiff;tif;png;wav;mfcribbon-ms</Extensions>
    </Filter>
    <Filter Include="view">
      <UniqueIdentifier>{2af7f602-565c-43ba-a4b5-be22b1b04b6e}</UniqueIdentifier>
    </Filter>
    <Filter Include="math">
      <UniqueIdentifier>{5310ea78-5f6b-43e1-84b9-3d1339242565}</UniqueIdentifier>
    </Filter>
  </ItemGroup>
  <ItemGroup>
    <ClInclude Include="gpk_platform.h">
      <Filter>Header Files</Filter>
    </ClInclude>
    <ClInclude Include="gpk_size.h">
      <Filter>Header Files</Filter>
    </ClInclude>
    <ClInclude Include="gpk_sync.h">
      <Filter>Header Files</Filter>
    </ClInclude>
    <ClInclude Include="gpk_typeint.h">
      <Filter>Header Files</Filter>
    </ClInclude>
    <ClInclude Include="gpk_auto_handler.h">
      <Filter>Header Files</Filter>
    </ClInclude>
    <ClInclude Include="gpk_debug.h">
      <Filter>Header Files</Filter>
    </ClInclude>
    <ClInclude Include="gpk_error.h">
      <Filter>Header Files</Filter>
    </ClInclude>
    <ClInclude Include="gpk_eval.h">
      <Filter>Header Files</Filter>
    </ClInclude>
    <ClInclude Include="gpk_log.h">
      <Filter>Header Files</Filter>
    </ClInclude>
    <ClInclude Include="gpk_memory.h">
      <Filter>Header Files</Filter>
    </ClInclude>
    <ClInclude Include="gpk_bit.h">
      <Filter>Header Files</Filter>
    </ClInclude>
    <ClInclude Include="gpk_io.h">
      <Filter>Header Files</Filter>
    </ClInclude>
    <ClInclude Include="gpk_string.h">
      <Filter>Header Files</Filter>
    </ClInclude>
    <ClInclude Include="gpk_view_array.h">
      <Filter>view</Filter>
    </ClInclude>
    <ClInclude Include="gpk_view_bit.h">
      <Filter>view</Filter>
    </ClInclude>
    <ClInclude Include="gpk_view_grid.h">
      <Filter>view</Filter>
    </ClInclude>
    <ClInclude Include="gpk_view_layered.h">
      <Filter>view</Filter>
    </ClInclude>
    <ClInclude Include="gpk_view_stream.h">
      <Filter>view</Filter>
    </ClInclude>
    <ClInclude Include="gpk_math.h">
      <Filter>math</Filter>
    </ClInclude>
    <ClInclude Include="gpk_matrix.h">
      <Filter>math</Filter>
    </ClInclude>
    <ClInclude Include="gpk_coord.h">
      <Filter>math</Filter>
    </ClInclude>
    <ClInclude Include="gpk_color.h">
      <Filter>math</Filter>
    </ClInclude>
  </ItemGroup>
  <ItemGroup>
    <ClCompile Include="gpk_log.cpp">
      <Filter>Source Files</Filter>
    </ClCompile>
  </ItemGroup>
</Project>