<?xml version="1.0" encoding="utf-8"?>
<Project ToolsVersion="4.0" xmlns="http://schemas.microsoft.com/developer/msbuild/2003">
  <ItemGroup>
    <Filter Include="Source Files">
      <UniqueIdentifier>{4FC737F1-C7A5-4376-A066-2A32D752A2FF}</UniqueIdentifier>
      <Extensions>cpp;c;cc;cxx;def;odl;idl;hpj;bat;asm;asmx</Extensions>
    </Filter>
    <Filter Include="Header Files">
      <UniqueIdentifier>{93995380-89BD-4b04-88EB-625FBE52EBFB}</UniqueIdentifier>
      <Extensions>h;hh;hpp;hxx;hm;inl;inc;ipp;xsd</Extensions>
    </Filter>
    <Filter Include="Resource Files">
      <UniqueIdentifier>{67DA6AB6-F800-4c08-8B7A-83BB121AAD01}</UniqueIdentifier>
      <Extensions>rc;ico;cur;bmp;dlg;rc2;rct;bin;rgs;gif;jpg;jpeg;jpe;resx;tiff;tif;png;wav;mfcribbon-ms</Extensions>
    </Filter>
    <Filter Include="container">
      <UniqueIdentifier>{3e9b20c0-7cba-47c8-a3df-c12ceaffe120}</UniqueIdentifier>
    </Filter>
    <Filter Include="math">
      <UniqueIdentifier>{9b958f7f-8d05-4884-9725-28ac32f6bb66}</UniqueIdentifier>
    </Filter>
    <Filter Include="runtime">
      <UniqueIdentifier>{56bdc711-7e6b-4241-b705-57c96d06c106}</UniqueIdentifier>
    </Filter>
    <Filter Include="gui">
      <UniqueIdentifier>{7469d73b-8b8a-43b3-aa26-cbc5c69bc3f8}</UniqueIdentifier>
    </Filter>
    <Filter Include="udp">
      <UniqueIdentifier>{558b39bb-72d0-449a-afbb-ebd50d128afb}</UniqueIdentifier>
    </Filter>
    <Filter Include="runtime\view">
      <UniqueIdentifier>{a89670f8-9c70-4822-bc5b-21af4e16ba03}</UniqueIdentifier>
    </Filter>
  </ItemGroup>
  <ItemGroup>
    <ClInclude Include="gpk_bitmap_target.h">
      <Filter>Header Files</Filter>
    </ClInclude>
    <ClInclude Include="gpk_camera.h">
      <Filter>Header Files</Filter>
    </ClInclude>
    <ClInclude Include="gpk_collision.h">
      <Filter>Header Files</Filter>
    </ClInclude>
    <ClInclude Include="gpk_display.h">
      <Filter>Header Files</Filter>
    </ClInclude>
    <ClInclude Include="gpk_encoding.h">
      <Filter>Header Files</Filter>
    </ClInclude>
    <ClInclude Include="gpk_frameinfo.h">
      <Filter>Header Files</Filter>
    </ClInclude>
    <ClInclude Include="gpk_framework.h">
      <Filter>Header Files</Filter>
    </ClInclude>
    <ClInclude Include="gpk_geometry.h">
      <Filter>Header Files</Filter>
    </ClInclude>
    <ClInclude Include="gpk_grid_copy.h">
      <Filter>Header Files</Filter>
    </ClInclude>
    <ClInclude Include="gpk_grid_scale.h">
      <Filter>Header Files</Filter>
    </ClInclude>
    <ClInclude Include="gpk_input.h">
      <Filter>Header Files</Filter>
    </ClInclude>
    <ClInclude Include="gpk_particle.h">
      <Filter>Header Files</Filter>
    </ClInclude>
    <ClInclude Include="gpk_ro_gnd.h">
      <Filter>Header Files</Filter>
    </ClInclude>
    <ClInclude Include="gpk_ro_rsm.h">
      <Filter>Header Files</Filter>
    </ClInclude>
    <ClInclude Include="gpk_ro_rsw.h">
      <Filter>Header Files</Filter>
    </ClInclude>
    <ClInclude Include="gpk_scene.h">
      <Filter>Header Files</Filter>
    </ClInclude>
    <ClInclude Include="gpk_timer.h">
      <Filter>Header Files</Filter>
    </ClInclude>
    <ClInclude Include="gpk_truetype.h">
      <Filter>Header Files</Filter>
    </ClInclude>
    <ClInclude Include="gpk_app_impl.h">
      <Filter>Header Files</Filter>
    </ClInclude>
    <ClInclude Include="gpk_ascii_color.h">
      <Filter>Header Files</Filter>
    </ClInclude>
    <ClInclude Include="gpk_ascii_target.h">
      <Filter>Header Files</Filter>
    </ClInclude>
    <ClInclude Include="gpk_bitmap_file.h">
      <Filter>Header Files</Filter>
    </ClInclude>
    <ClInclude Include="gpk_array_static.h">
      <Filter>container</Filter>
    </ClInclude>
    <ClInclude Include="gpk_array.h">
      <Filter>container</Filter>
    </ClInclude>
    <ClInclude Include="gpk_grid_static.h">
      <Filter>container</Filter>
    </ClInclude>
    <ClInclude Include="gpk_type_registry.h">
      <Filter>Header Files</Filter>
    </ClInclude>
    <ClInclude Include="gpk_label_manager.h">
      <Filter>container</Filter>
    </ClInclude>
    <ClInclude Include="gpk_label.h">
      <Filter>container</Filter>
    </ClInclude>
    <ClInclude Include="gpk_math.h">
      <Filter>math</Filter>
    </ClInclude>
    <ClInclude Include="gpk_matrix.h">
      <Filter>math</Filter>
    </ClInclude>
    <ClInclude Include="gpk_color.h">
      <Filter>math</Filter>
    </ClInclude>
    <ClInclude Include="gpk_coord.h">
      <Filter>math</Filter>
    </ClInclude>
    <ClInclude Include="gpk_runtime_module.h">
      <Filter>runtime</Filter>
    </ClInclude>
    <ClInclude Include="gpk_runtime.h">
      <Filter>runtime</Filter>
    </ClInclude>
    <ClInclude Include="gpk_module.h">
      <Filter>runtime</Filter>
    </ClInclude>
    <ClInclude Include="gpk_ptr.h">
      <Filter>container</Filter>
    </ClInclude>
    <ClInclude Include="gpk_safe.h">
      <Filter>Header Files</Filter>
    </ClInclude>
    <ClInclude Include="gpk_png.h">
      <Filter>Header Files</Filter>
    </ClInclude>
    <ClInclude Include="gpk_view_array.h">
      <Filter>runtime\view</Filter>
    </ClInclude>
    <ClInclude Include="gpk_view_bit.h">
      <Filter>runtime\view</Filter>
    </ClInclude>
    <ClInclude Include="gpk_view_grid.h">
      <Filter>runtime\view</Filter>
    </ClInclude>
    <ClInclude Include="gpk_view_layered.h">
      <Filter>runtime\view</Filter>
    </ClInclude>
    <ClInclude Include="gpk_view_stream.h">
      <Filter>runtime\view</Filter>
    </ClInclude>
    <ClInclude Include="gpk_image.h">
      <Filter>Header Files</Filter>
    </ClInclude>
    <ClInclude Include="gpk_adam7.h">
      <Filter>Header Files</Filter>
    </ClInclude>
    <ClInclude Include="gpk_storage.h">
      <Filter>Header Files</Filter>
    </ClInclude>
    <ClInclude Include="gpk_gui.h">
      <Filter>gui</Filter>
    </ClInclude>
    <ClInclude Include="gpk_gui_control.h">
      <Filter>gui</Filter>
    </ClInclude>
    <ClInclude Include="gpk_gui_desktop.h">
      <Filter>gui</Filter>
    </ClInclude>
    <ClInclude Include="gpk_gui_text.h">
      <Filter>gui</Filter>
    </ClInclude>
    <ClInclude Include="gpk_windows.h">
      <Filter>Header Files</Filter>
    </ClInclude>
    <ClInclude Include="gpk_tcpip.h">
      <Filter>Header Files</Filter>
    </ClInclude>
    <ClInclude Include="gpk_stdsocket.h">
      <Filter>Header Files</Filter>
    </ClInclude>
    <ClInclude Include="gpk_aes.h">
      <Filter>Header Files</Filter>
    </ClInclude>
    <ClInclude Include="gpk_chrono.h">
      <Filter>Header Files</Filter>
    </ClInclude>
    <ClInclude Include="gpk_noise.h">
      <Filter>Header Files</Filter>
    </ClInclude>
    <ClInclude Include="gpk_udp_server.h">
      <Filter>udp</Filter>
    </ClInclude>
    <ClInclude Include="gpk_udp_client.h">
      <Filter>udp</Filter>
    </ClInclude>
    <ClInclude Include="gpk_connection.h">
      <Filter>udp</Filter>
    </ClInclude>
    <ClInclude Include="gpk_deque.h">
      <Filter>container</Filter>
    </ClInclude>
    <ClInclude Include="gpk_rsa.h">
      <Filter>Header Files</Filter>
    </ClInclude>
    <ClInclude Include="gpk_session.h">
      <Filter>Header Files</Filter>
    </ClInclude>
    <ClInclude Include="gpk_deflate.h">
      <Filter>Header Files</Filter>
    </ClInclude>
    <ClInclude Include="gpk_enum.h">
      <Filter>Header Files</Filter>
    </ClInclude>
    <ClInclude Include="gpk_dialog.h">
      <Filter>gui</Filter>
    </ClInclude>
    <ClInclude Include="gpk_member_registry.h">
      <Filter>Header Files</Filter>
    </ClInclude>
    <ClInclude Include="gpk_datatype.h">
      <Filter>Header Files</Filter>
    </ClInclude>
    <ClInclude Include="gpk_type_identifier.h">
      <Filter>Header Files</Filter>
    </ClInclude>
    <ClInclude Include="gpk_json.h">
      <Filter>Header Files</Filter>
    </ClInclude>
    <ClInclude Include="gpk_dialog_controls.h">
      <Filter>gui</Filter>
    </ClInclude>
    <ClInclude Include="gpk_bmg.h">
      <Filter>Header Files</Filter>
    </ClInclude>
  </ItemGroup>
  <ItemGroup>
    <ClCompile Include="gpk_ascii_target.cpp">
      <Filter>Source Files</Filter>
    </ClCompile>
    <ClCompile Include="gpk_bitmap_file.cpp">
      <Filter>Source Files</Filter>
    </ClCompile>
    <ClCompile Include="gpk_display.cpp">
      <Filter>Source Files</Filter>
    </ClCompile>
    <ClCompile Include="gpk_encoding.cpp">
      <Filter>Source Files</Filter>
    </ClCompile>
    <ClCompile Include="gpk_framework.cpp">
      <Filter>Source Files</Filter>
    </ClCompile>
    <ClCompile Include="gpk_geometry.cpp">
      <Filter>Source Files</Filter>
    </ClCompile>
    <ClCompile Include="gpk_ro_gnd.cpp">
      <Filter>Source Files</Filter>
    </ClCompile>
    <ClCompile Include="gpk_ro_rsm.cpp">
      <Filter>Source Files</Filter>
    </ClCompile>
    <ClCompile Include="gpk_ro_rsw.cpp">
      <Filter>Source Files</Filter>
    </ClCompile>
    <ClCompile Include="gpk_timer.cpp">
      <Filter>Source Files</Filter>
    </ClCompile>
    <ClCompile Include="gpk_type_registry.cpp">
      <Filter>Source Files</Filter>
    </ClCompile>
    <ClCompile Include="gpk_label.cpp">
      <Filter>container</Filter>
    </ClCompile>
    <ClCompile Include="gpk_runtime_module.cpp">
      <Filter>runtime</Filter>
    </ClCompile>
    <ClCompile Include="gpk_png.cpp">
      <Filter>Source Files</Filter>
    </ClCompile>
    <ClCompile Include="gpk_png_write.cpp">
      <Filter>Source Files</Filter>
    </ClCompile>
    <ClCompile Include="gpk_adam7.cpp">
      <Filter>Source Files</Filter>
    </ClCompile>
    <ClCompile Include="gpk_storage.cpp">
      <Filter>Source Files</Filter>
    </ClCompile>
    <ClCompile Include="gpk_gui_desktop.cpp">
      <Filter>gui</Filter>
    </ClCompile>
    <ClCompile Include="gpk_gui.cpp">
      <Filter>gui</Filter>
    </ClCompile>
    <ClCompile Include="gpk_gui_control.cpp">
      <Filter>gui</Filter>
    </ClCompile>
    <ClCompile Include="gpk_windows.cpp">
      <Filter>Source Files</Filter>
    </ClCompile>
    <ClCompile Include="gpk_tcpip.cpp">
      <Filter>Source Files</Filter>
    </ClCompile>
    <ClCompile Include="gpk_aes.cpp">
      <Filter>Source Files</Filter>
    </ClCompile>
    <ClCompile Include="gpk_chrono.cpp">
      <Filter>Source Files</Filter>
    </ClCompile>
    <ClCompile Include="gpk_noise.cpp">
      <Filter>Source Files</Filter>
    </ClCompile>
    <ClCompile Include="gpk_connection.cpp">
      <Filter>udp</Filter>
    </ClCompile>
    <ClCompile Include="gpk_udp_server.cpp">
      <Filter>udp</Filter>
    </ClCompile>
    <ClCompile Include="gpk_udp_client.cpp">
      <Filter>udp</Filter>
    </ClCompile>
    <ClCompile Include="gpk_rsa.cpp">
      <Filter>Source Files</Filter>
    </ClCompile>
    <ClCompile Include="gpk_deflate.cpp">
      <Filter>Source Files</Filter>
    </ClCompile>
    <ClCompile Include="gpk_dialog.cpp">
      <Filter>gui</Filter>
    </ClCompile>
    <ClCompile Include="gpk_gui_draw.cpp">
      <Filter>gui</Filter>
    </ClCompile>
    <ClCompile Include="gpk_datatype.cpp">
      <Filter>Source Files</Filter>
    </ClCompile>
    <ClCompile Include="gpk_json.cpp">
      <Filter>Source Files</Filter>
    </ClCompile>
    <ClCompile Include="gpk_bmg.cpp">
      <Filter>Source Files</Filter>
    </ClCompile>
  </ItemGroup>
  <ItemGroup>
    <None Include="gpk_module_exports.def">
      <Filter>Source Files</Filter>
    </None>
  </ItemGroup>
</Project>