<?xml version="1.0" encoding="utf-8"?>
<Project ToolsVersion="4.0" xmlns="http://schemas.microsoft.com/developer/msbuild/2003">
  <ItemGroup>
    <Filter Include="Source Files">
      <UniqueIdentifier>{4FC737F1-C7A5-4376-A066-2A32D752A2FF}</UniqueIdentifier>
      <Extensions>cpp;c;cc;cxx;def;odl;idl;hpj;bat;asm;asmx</Extensions>
    </Filter>
    <Filter Include="Header Files">
      <UniqueIdentifier>{93995380-89BD-4b04-88EB-625FBE52EBFB}</UniqueIdentifier>
      <Extensions>h;hh;hpp;hxx;hm;inl;inc;ipp;xsd</Extensions>
    </Filter>
    <Filter Include="Resource Files">
      <UniqueIdentifier>{67DA6AB6-F800-4c08-8B7A-83BB121AAD01}</UniqueIdentifier>
      <Extensions>rc;ico;cur;bmp;dlg;rc2;rct;bin;rgs;gif;jpg;jpeg;jpe;resx;tiff;tif;png;wav;mfcribbon-ms</Extensions>
    </Filter>
    <Filter Include="container">
      <UniqueIdentifier>{3e9b20c0-7cba-47c8-a3df-c12ceaffe120}</UniqueIdentifier>
    </Filter>
  </ItemGroup>
  <ItemGroup>
    <ClInclude Include="gpk_bitmap_target.h">
      <Filter>Header Files</Filter>
    </ClInclude>
    <ClInclude Include="gpk_camera.h">
      <Filter>Header Files</Filter>
    </ClInclude>
    <ClInclude Include="gpk_collision.h">
      <Filter>Header Files</Filter>
    </ClInclude>
    <ClInclude Include="gpk_color.h">
      <Filter>Header Files</Filter>
    </ClInclude>
    <ClInclude Include="gpk_coord.h">
      <Filter>Header Files</Filter>
    </ClInclude>
    <ClInclude Include="gpk_display.h">
      <Filter>Header Files</Filter>
    </ClInclude>
    <ClInclude Include="gpk_encoding.h">
      <Filter>Header Files</Filter>
    </ClInclude>
    <ClInclude Include="gpk_frameinfo.h">
      <Filter>Header Files</Filter>
    </ClInclude>
    <ClInclude Include="gpk_framework.h">
      <Filter>Header Files</Filter>
    </ClInclude>
    <ClInclude Include="gpk_geometry.h">
      <Filter>Header Files</Filter>
    </ClInclude>
    <ClInclude Include="gpk_grid_copy.h">
      <Filter>Header Files</Filter>
    </ClInclude>
    <ClInclude Include="gpk_grid_scale.h">
      <Filter>Header Files</Filter>
    </ClInclude>
    <ClInclude Include="gpk_gui.h">
      <Filter>Header Files</Filter>
    </ClInclude>
    <ClInclude Include="gpk_gui_text.h">
      <Filter>Header Files</Filter>
    </ClInclude>
    <ClInclude Include="gpk_input.h">
      <Filter>Header Files</Filter>
    </ClInclude>
    <ClInclude Include="gpk_layered_view.h">
      <Filter>Header Files</Filter>
    </ClInclude>
    <ClInclude Include="gpk_math.h">
      <Filter>Header Files</Filter>
    </ClInclude>
    <ClInclude Include="gpk_matrix.h">
      <Filter>Header Files</Filter>
    </ClInclude>
    <ClInclude Include="gpk_particle.h">
      <Filter>Header Files</Filter>
    </ClInclude>
    <ClInclude Include="gpk_ptr.h">
      <Filter>Header Files</Filter>
    </ClInclude>
    <ClInclude Include="gpk_ro_gnd.h">
      <Filter>Header Files</Filter>
    </ClInclude>
    <ClInclude Include="gpk_ro_rsm.h">
      <Filter>Header Files</Filter>
    </ClInclude>
    <ClInclude Include="gpk_ro_rsw.h">
      <Filter>Header Files</Filter>
    </ClInclude>
    <ClInclude Include="gpk_runtime.h">
      <Filter>Header Files</Filter>
    </ClInclude>
    <ClInclude Include="gpk_scene.h">
      <Filter>Header Files</Filter>
    </ClInclude>
    <ClInclude Include="gpk_stream_view.h">
      <Filter>Header Files</Filter>
    </ClInclude>
    <ClInclude Include="gpk_texture.h">
      <Filter>Header Files</Filter>
    </ClInclude>
    <ClInclude Include="gpk_timer.h">
      <Filter>Header Files</Filter>
    </ClInclude>
    <ClInclude Include="gpk_truetype.h">
      <Filter>Header Files</Filter>
    </ClInclude>
    <ClInclude Include="gpk_app_impl.h">
      <Filter>Header Files</Filter>
    </ClInclude>
    <ClInclude Include="gpk_ascii_color.h">
      <Filter>Header Files</Filter>
    </ClInclude>
    <ClInclude Include="gpk_ascii_display.h">
      <Filter>Header Files</Filter>
    </ClInclude>
    <ClInclude Include="gpk_ascii_target.h">
      <Filter>Header Files</Filter>
    </ClInclude>
    <ClInclude Include="gpk_bit.h">
      <Filter>Header Files</Filter>
    </ClInclude>
    <ClInclude Include="gpk_bitmap_file.h">
      <Filter>Header Files</Filter>
    </ClInclude>
    <ClInclude Include="gpk_bit_view.h">
      <Filter>container</Filter>
    </ClInclude>
    <ClInclude Include="gpk_grid_view.h">
      <Filter>container</Filter>
    </ClInclude>
    <ClInclude Include="gpk_array_view.h">
      <Filter>container</Filter>
    </ClInclude>
    <ClInclude Include="gpk_array_static.h">
      <Filter>container</Filter>
    </ClInclude>
    <ClInclude Include="gpk_array.h">
      <Filter>container</Filter>
    </ClInclude>
    <ClInclude Include="gpk_grid_static.h">
      <Filter>container</Filter>
    </ClInclude>
    <ClInclude Include="gpk_runtime_module.h">
      <Filter>Header Files</Filter>
    </ClInclude>
    <ClInclude Include="gpk_module.h">
      <Filter>Header Files</Filter>
    </ClInclude>
  </ItemGroup>
  <ItemGroup>
    <ClCompile Include="gpk_ascii_display.cpp">
      <Filter>Source Files</Filter>
    </ClCompile>
    <ClCompile Include="gpk_ascii_target.cpp">
      <Filter>Source Files</Filter>
    </ClCompile>
    <ClCompile Include="gpk_bitmap_file.cpp">
      <Filter>Source Files</Filter>
    </ClCompile>
    <ClCompile Include="gpk_display.cpp">
      <Filter>Source Files</Filter>
    </ClCompile>
    <ClCompile Include="gpk_encoding.cpp">
      <Filter>Source Files</Filter>
    </ClCompile>
    <ClCompile Include="gpk_framework.cpp">
      <Filter>Source Files</Filter>
    </ClCompile>
    <ClCompile Include="gpk_geometry.cpp">
      <Filter>Source Files</Filter>
    </ClCompile>
    <ClCompile Include="gpk_gui.cpp">
      <Filter>Source Files</Filter>
    </ClCompile>
    <ClCompile Include="gpk_gui_text.cpp">
      <Filter>Source Files</Filter>
    </ClCompile>
    <ClCompile Include="gpk_ro_gnd.cpp">
      <Filter>Source Files</Filter>
    </ClCompile>
    <ClCompile Include="gpk_ro_rsm.cpp">
      <Filter>Source Files</Filter>
    </ClCompile>
    <ClCompile Include="gpk_ro_rsw.cpp">
      <Filter>Source Files</Filter>
    </ClCompile>
    <ClCompile Include="gpk_timer.cpp">
      <Filter>Source Files</Filter>
    </ClCompile>
    <ClCompile Include="gpk_runtime_module.cpp">
      <Filter>Source Files</Filter>
    </ClCompile>
  </ItemGroup>
  <ItemGroup>
    <None Include="gpk_module_exports.def">
      <Filter>Source Files</Filter>
    </None>
  </ItemGroup>
</Project>